// !$*UTF8*$!
{
	archiveVersion = 1;
	classes = {
	};
	objectVersion = 46;
	objects = {

/* Begin PBXBuildFile section */
		1D3623260D0F684500981E51 /* AppDelegate.m in Sources */ = {isa = PBXBuildFile; fileRef = 1D3623250D0F684500981E51 /* AppDelegate.m */; };
		1D60589B0D05DD56006BFB54 /* main.m in Sources */ = {isa = PBXBuildFile; fileRef = 29B97316FDCFA39411CA2CEA /* main.m */; };
		1D60589F0D05DD5A006BFB54 /* Foundation.framework in Frameworks */ = {isa = PBXBuildFile; fileRef = 1D30AB110D05D00D00671497 /* Foundation.framework */; };
		1DF5F4E00D08C38300B7A737 /* UIKit.framework in Frameworks */ = {isa = PBXBuildFile; fileRef = 1DF5F4DF0D08C38300B7A737 /* UIKit.framework */; };
		25B3DD5C15D17C1A000CE459 /* blue_umbrella.png in Resources */ = {isa = PBXBuildFile; fileRef = 25B3DD5B15D17C1A000CE459 /* blue_umbrella.png */; };
		25B3DD6115D17C44000CE459 /* red_umbrella.png in Resources */ = {isa = PBXBuildFile; fileRef = 25B3DD5D15D17C44000CE459 /* red_umbrella.png */; };
		25B3DD6215D17C44000CE459 /* green_umbrella.png in Resources */ = {isa = PBXBuildFile; fileRef = 25B3DD5E15D17C44000CE459 /* green_umbrella.png */; };
		25B3DD6315D17C44000CE459 /* pink_umbrella.png in Resources */ = {isa = PBXBuildFile; fileRef = 25B3DD5F15D17C44000CE459 /* pink_umbrella.png */; };
		25B3DD6415D17C44000CE459 /* gray_umbrella.png in Resources */ = {isa = PBXBuildFile; fileRef = 25B3DD6015D17C44000CE459 /* gray_umbrella.png */; };
		25B3DD6715D1859D000CE459 /* Umbrella.m in Sources */ = {isa = PBXBuildFile; fileRef = 25B3DD6615D1859D000CE459 /* Umbrella.m */; };
		25B41B0715CEDEE100CB028F /* background1.png in Resources */ = {isa = PBXBuildFile; fileRef = 25B41B0615CEDEE000CB028F /* background1.png */; };
		25B41B0915CEDEEB00CB028F /* background1@2x.png in Resources */ = {isa = PBXBuildFile; fileRef = 25B41B0815CEDEEB00CB028F /* background1@2x.png */; };
		25B41B0B15CEE02500CB028F /* background2.png in Resources */ = {isa = PBXBuildFile; fileRef = 25B41B0A15CEE02500CB028F /* background2.png */; };
		25B41B0D15CEE03600CB028F /* background2@2x.png in Resources */ = {isa = PBXBuildFile; fileRef = 25B41B0C15CEE03600CB028F /* background2@2x.png */; };
		25B41B0F15CEE09700CB028F /* background3.png in Resources */ = {isa = PBXBuildFile; fileRef = 25B41B0E15CEE09700CB028F /* background3.png */; };
		25B41B1115CEE0A000CB028F /* background3@2x.png in Resources */ = {isa = PBXBuildFile; fileRef = 25B41B1015CEE0A000CB028F /* background3@2x.png */; };
		25B4404815D7CBC600E98AB6 /* player_body.png in Resources */ = {isa = PBXBuildFile; fileRef = 25B4404315D7CBC600E98AB6 /* player_body.png */; };
		25B4404915D7CBC600E98AB6 /* player_leg1.png in Resources */ = {isa = PBXBuildFile; fileRef = 25B4404415D7CBC600E98AB6 /* player_leg1.png */; };
		25B4404A15D7CBC600E98AB6 /* player_leg2.png in Resources */ = {isa = PBXBuildFile; fileRef = 25B4404515D7CBC600E98AB6 /* player_leg2.png */; };
		25B4404B15D7CBC600E98AB6 /* player_umbrella1.png in Resources */ = {isa = PBXBuildFile; fileRef = 25B4404615D7CBC600E98AB6 /* player_umbrella1.png */; };
		25B4404C15D7CBC600E98AB6 /* player_umbrella2.png in Resources */ = {isa = PBXBuildFile; fileRef = 25B4404715D7CBC600E98AB6 /* player_umbrella2.png */; };
		25B441BE15D81FC300E98AB6 /* image (100).png in Resources */ = {isa = PBXBuildFile; fileRef = 25B4414215D81FC300E98AB6 /* image (100).png */; };
		25B441BF15D81FC300E98AB6 /* image (101).png in Resources */ = {isa = PBXBuildFile; fileRef = 25B4414315D81FC300E98AB6 /* image (101).png */; };
		25B441C015D81FC300E98AB6 /* image (102).png in Resources */ = {isa = PBXBuildFile; fileRef = 25B4414415D81FC300E98AB6 /* image (102).png */; };
		25B441C115D81FC300E98AB6 /* image (103).png in Resources */ = {isa = PBXBuildFile; fileRef = 25B4414515D81FC300E98AB6 /* image (103).png */; };
		25B441C215D81FC300E98AB6 /* image (104).png in Resources */ = {isa = PBXBuildFile; fileRef = 25B4414615D81FC300E98AB6 /* image (104).png */; };
		25B441C315D81FC300E98AB6 /* image (105).png in Resources */ = {isa = PBXBuildFile; fileRef = 25B4414715D81FC300E98AB6 /* image (105).png */; };
		25B441C415D81FC300E98AB6 /* image (106).png in Resources */ = {isa = PBXBuildFile; fileRef = 25B4414815D81FC300E98AB6 /* image (106).png */; };
		25B441C515D81FC300E98AB6 /* image (107).png in Resources */ = {isa = PBXBuildFile; fileRef = 25B4414915D81FC300E98AB6 /* image (107).png */; };
		25B441C615D81FC300E98AB6 /* image (108).png in Resources */ = {isa = PBXBuildFile; fileRef = 25B4414A15D81FC300E98AB6 /* image (108).png */; };
		25B441C715D81FC300E98AB6 /* image (109).png in Resources */ = {isa = PBXBuildFile; fileRef = 25B4414B15D81FC300E98AB6 /* image (109).png */; };
		25B441C815D81FC300E98AB6 /* image (70).png in Resources */ = {isa = PBXBuildFile; fileRef = 25B4414C15D81FC300E98AB6 /* image (70).png */; };
		25B441C915D81FC300E98AB6 /* image (71).png in Resources */ = {isa = PBXBuildFile; fileRef = 25B4414D15D81FC300E98AB6 /* image (71).png */; };
		25B441CA15D81FC300E98AB6 /* image (72).png in Resources */ = {isa = PBXBuildFile; fileRef = 25B4414E15D81FC300E98AB6 /* image (72).png */; };
		25B441CB15D81FC300E98AB6 /* image (73).png in Resources */ = {isa = PBXBuildFile; fileRef = 25B4414F15D81FC300E98AB6 /* image (73).png */; };
		25B441CC15D81FC300E98AB6 /* image (74).png in Resources */ = {isa = PBXBuildFile; fileRef = 25B4415015D81FC300E98AB6 /* image (74).png */; };
		25B441CD15D81FC300E98AB6 /* image (75).png in Resources */ = {isa = PBXBuildFile; fileRef = 25B4415115D81FC300E98AB6 /* image (75).png */; };
		25B441CE15D81FC300E98AB6 /* image (76).png in Resources */ = {isa = PBXBuildFile; fileRef = 25B4415215D81FC300E98AB6 /* image (76).png */; };
		25B441CF15D81FC300E98AB6 /* image (77).png in Resources */ = {isa = PBXBuildFile; fileRef = 25B4415315D81FC300E98AB6 /* image (77).png */; };
		25B441D015D81FC300E98AB6 /* image (78).png in Resources */ = {isa = PBXBuildFile; fileRef = 25B4415415D81FC300E98AB6 /* image (78).png */; };
		25B441D115D81FC300E98AB6 /* image (79).png in Resources */ = {isa = PBXBuildFile; fileRef = 25B4415515D81FC300E98AB6 /* image (79).png */; };
		25B441D215D81FC300E98AB6 /* image (80).png in Resources */ = {isa = PBXBuildFile; fileRef = 25B4415615D81FC300E98AB6 /* image (80).png */; };
		25B441D315D81FC300E98AB6 /* image (81).png in Resources */ = {isa = PBXBuildFile; fileRef = 25B4415715D81FC300E98AB6 /* image (81).png */; };
		25B441D415D81FC300E98AB6 /* image (82).png in Resources */ = {isa = PBXBuildFile; fileRef = 25B4415815D81FC300E98AB6 /* image (82).png */; };
		25B441D515D81FC300E98AB6 /* image (83).png in Resources */ = {isa = PBXBuildFile; fileRef = 25B4415915D81FC300E98AB6 /* image (83).png */; };
		25B441D615D81FC300E98AB6 /* image (84).png in Resources */ = {isa = PBXBuildFile; fileRef = 25B4415A15D81FC300E98AB6 /* image (84).png */; };
		25B441D715D81FC300E98AB6 /* image (85).png in Resources */ = {isa = PBXBuildFile; fileRef = 25B4415B15D81FC300E98AB6 /* image (85).png */; };
		25B441D815D81FC300E98AB6 /* image (86).png in Resources */ = {isa = PBXBuildFile; fileRef = 25B4415C15D81FC300E98AB6 /* image (86).png */; };
		25B441D915D81FC300E98AB6 /* image (87).png in Resources */ = {isa = PBXBuildFile; fileRef = 25B4415D15D81FC300E98AB6 /* image (87).png */; };
		25B441DA15D81FC300E98AB6 /* image (88).png in Resources */ = {isa = PBXBuildFile; fileRef = 25B4415E15D81FC300E98AB6 /* image (88).png */; };
		25B441DB15D81FC300E98AB6 /* image (89).png in Resources */ = {isa = PBXBuildFile; fileRef = 25B4415F15D81FC300E98AB6 /* image (89).png */; };
		25B441DC15D81FC300E98AB6 /* image (90).png in Resources */ = {isa = PBXBuildFile; fileRef = 25B4416015D81FC300E98AB6 /* image (90).png */; };
		25B441DD15D81FC300E98AB6 /* image (91).png in Resources */ = {isa = PBXBuildFile; fileRef = 25B4416115D81FC300E98AB6 /* image (91).png */; };
		25B441DE15D81FC300E98AB6 /* image (92).png in Resources */ = {isa = PBXBuildFile; fileRef = 25B4416215D81FC300E98AB6 /* image (92).png */; };
		25B441DF15D81FC300E98AB6 /* image (93).png in Resources */ = {isa = PBXBuildFile; fileRef = 25B4416315D81FC300E98AB6 /* image (93).png */; };
		25B441E015D81FC300E98AB6 /* image (94).png in Resources */ = {isa = PBXBuildFile; fileRef = 25B4416415D81FC300E98AB6 /* image (94).png */; };
		25B441E115D81FC300E98AB6 /* image (95).png in Resources */ = {isa = PBXBuildFile; fileRef = 25B4416515D81FC300E98AB6 /* image (95).png */; };
		25B441E215D81FC300E98AB6 /* image (96).png in Resources */ = {isa = PBXBuildFile; fileRef = 25B4416615D81FC300E98AB6 /* image (96).png */; };
		25B441E315D81FC300E98AB6 /* image (97).png in Resources */ = {isa = PBXBuildFile; fileRef = 25B4416715D81FC300E98AB6 /* image (97).png */; };
		25B441E415D81FC300E98AB6 /* image (98).png in Resources */ = {isa = PBXBuildFile; fileRef = 25B4416815D81FC300E98AB6 /* image (98).png */; };
		25B441E515D81FC300E98AB6 /* image (99).png in Resources */ = {isa = PBXBuildFile; fileRef = 25B4416915D81FC300E98AB6 /* image (99).png */; };
		25B441E615D81FC300E98AB6 /* image (110).png in Resources */ = {isa = PBXBuildFile; fileRef = 25B4416B15D81FC300E98AB6 /* image (110).png */; };
		25B441E715D81FC300E98AB6 /* image (111).png in Resources */ = {isa = PBXBuildFile; fileRef = 25B4416C15D81FC300E98AB6 /* image (111).png */; };
		25B441E815D81FC300E98AB6 /* image (112).png in Resources */ = {isa = PBXBuildFile; fileRef = 25B4416D15D81FC300E98AB6 /* image (112).png */; };
		25B441E915D81FC300E98AB6 /* image (113).png in Resources */ = {isa = PBXBuildFile; fileRef = 25B4416E15D81FC300E98AB6 /* image (113).png */; };
		25B441EA15D81FC300E98AB6 /* image (114).png in Resources */ = {isa = PBXBuildFile; fileRef = 25B4416F15D81FC300E98AB6 /* image (114).png */; };
		25B441EB15D81FC300E98AB6 /* image (115).png in Resources */ = {isa = PBXBuildFile; fileRef = 25B4417015D81FC300E98AB6 /* image (115).png */; };
		25B441EC15D81FC300E98AB6 /* image (116).png in Resources */ = {isa = PBXBuildFile; fileRef = 25B4417115D81FC300E98AB6 /* image (116).png */; };
		25B441ED15D81FC300E98AB6 /* image (117).png in Resources */ = {isa = PBXBuildFile; fileRef = 25B4417215D81FC300E98AB6 /* image (117).png */; };
		25B441EE15D81FC300E98AB6 /* image (118).png in Resources */ = {isa = PBXBuildFile; fileRef = 25B4417315D81FC300E98AB6 /* image (118).png */; };
		25B441EF15D81FC300E98AB6 /* image (119).png in Resources */ = {isa = PBXBuildFile; fileRef = 25B4417415D81FC300E98AB6 /* image (119).png */; };
		25B441F015D81FC300E98AB6 /* image (30).png in Resources */ = {isa = PBXBuildFile; fileRef = 25B4417615D81FC300E98AB6 /* image (30).png */; };
		25B441F115D81FC300E98AB6 /* image (31).png in Resources */ = {isa = PBXBuildFile; fileRef = 25B4417715D81FC300E98AB6 /* image (31).png */; };
		25B441F215D81FC300E98AB6 /* image (32).png in Resources */ = {isa = PBXBuildFile; fileRef = 25B4417815D81FC300E98AB6 /* image (32).png */; };
		25B441F315D81FC300E98AB6 /* image (33).png in Resources */ = {isa = PBXBuildFile; fileRef = 25B4417915D81FC300E98AB6 /* image (33).png */; };
		25B441F415D81FC300E98AB6 /* image (34).png in Resources */ = {isa = PBXBuildFile; fileRef = 25B4417A15D81FC300E98AB6 /* image (34).png */; };
		25B441F515D81FC300E98AB6 /* image (35).png in Resources */ = {isa = PBXBuildFile; fileRef = 25B4417B15D81FC300E98AB6 /* image (35).png */; };
		25B441F615D81FC300E98AB6 /* image (36).png in Resources */ = {isa = PBXBuildFile; fileRef = 25B4417C15D81FC300E98AB6 /* image (36).png */; };
		25B441F715D81FC300E98AB6 /* image (37).png in Resources */ = {isa = PBXBuildFile; fileRef = 25B4417D15D81FC300E98AB6 /* image (37).png */; };
		25B441F815D81FC300E98AB6 /* image (38).png in Resources */ = {isa = PBXBuildFile; fileRef = 25B4417E15D81FC300E98AB6 /* image (38).png */; };
		25B441F915D81FC300E98AB6 /* image (39).png in Resources */ = {isa = PBXBuildFile; fileRef = 25B4417F15D81FC300E98AB6 /* image (39).png */; };
		25B441FA15D81FC300E98AB6 /* image (40).png in Resources */ = {isa = PBXBuildFile; fileRef = 25B4418015D81FC300E98AB6 /* image (40).png */; };
		25B441FB15D81FC300E98AB6 /* image (41).png in Resources */ = {isa = PBXBuildFile; fileRef = 25B4418115D81FC300E98AB6 /* image (41).png */; };
		25B441FC15D81FC300E98AB6 /* image (42).png in Resources */ = {isa = PBXBuildFile; fileRef = 25B4418215D81FC300E98AB6 /* image (42).png */; };
		25B441FD15D81FC300E98AB6 /* image (43).png in Resources */ = {isa = PBXBuildFile; fileRef = 25B4418315D81FC300E98AB6 /* image (43).png */; };
		25B441FE15D81FC300E98AB6 /* image (44).png in Resources */ = {isa = PBXBuildFile; fileRef = 25B4418415D81FC300E98AB6 /* image (44).png */; };
		25B441FF15D81FC300E98AB6 /* image (45).png in Resources */ = {isa = PBXBuildFile; fileRef = 25B4418515D81FC300E98AB6 /* image (45).png */; };
		25B4420015D81FC300E98AB6 /* image (46).png in Resources */ = {isa = PBXBuildFile; fileRef = 25B4418615D81FC300E98AB6 /* image (46).png */; };
		25B4420115D81FC300E98AB6 /* image (47).png in Resources */ = {isa = PBXBuildFile; fileRef = 25B4418715D81FC300E98AB6 /* image (47).png */; };
		25B4420215D81FC300E98AB6 /* image (48).png in Resources */ = {isa = PBXBuildFile; fileRef = 25B4418815D81FC300E98AB6 /* image (48).png */; };
		25B4420315D81FC300E98AB6 /* image (49).png in Resources */ = {isa = PBXBuildFile; fileRef = 25B4418915D81FC300E98AB6 /* image (49).png */; };
		25B4420415D81FC300E98AB6 /* image (50).png in Resources */ = {isa = PBXBuildFile; fileRef = 25B4418A15D81FC300E98AB6 /* image (50).png */; };
		25B4420515D81FC300E98AB6 /* image (51).png in Resources */ = {isa = PBXBuildFile; fileRef = 25B4418B15D81FC300E98AB6 /* image (51).png */; };
		25B4420615D81FC300E98AB6 /* image (52).png in Resources */ = {isa = PBXBuildFile; fileRef = 25B4418C15D81FC300E98AB6 /* image (52).png */; };
		25B4420715D81FC300E98AB6 /* image (53).png in Resources */ = {isa = PBXBuildFile; fileRef = 25B4418D15D81FC300E98AB6 /* image (53).png */; };
		25B4420815D81FC300E98AB6 /* image (54).png in Resources */ = {isa = PBXBuildFile; fileRef = 25B4418E15D81FC300E98AB6 /* image (54).png */; };
		25B4420915D81FC300E98AB6 /* image (55).png in Resources */ = {isa = PBXBuildFile; fileRef = 25B4418F15D81FC300E98AB6 /* image (55).png */; };
		25B4420A15D81FC300E98AB6 /* image (56).png in Resources */ = {isa = PBXBuildFile; fileRef = 25B4419015D81FC300E98AB6 /* image (56).png */; };
		25B4420B15D81FC300E98AB6 /* image (57).png in Resources */ = {isa = PBXBuildFile; fileRef = 25B4419115D81FC300E98AB6 /* image (57).png */; };
		25B4420C15D81FC300E98AB6 /* image (58).png in Resources */ = {isa = PBXBuildFile; fileRef = 25B4419215D81FC300E98AB6 /* image (58).png */; };
		25B4420D15D81FC300E98AB6 /* image (59).png in Resources */ = {isa = PBXBuildFile; fileRef = 25B4419315D81FC300E98AB6 /* image (59).png */; };
		25B4420E15D81FC300E98AB6 /* image (60).png in Resources */ = {isa = PBXBuildFile; fileRef = 25B4419415D81FC300E98AB6 /* image (60).png */; };
		25B4420F15D81FC300E98AB6 /* image (61).png in Resources */ = {isa = PBXBuildFile; fileRef = 25B4419515D81FC300E98AB6 /* image (61).png */; };
		25B4421015D81FC300E98AB6 /* image (62).png in Resources */ = {isa = PBXBuildFile; fileRef = 25B4419615D81FC300E98AB6 /* image (62).png */; };
		25B4421115D81FC300E98AB6 /* image (63).png in Resources */ = {isa = PBXBuildFile; fileRef = 25B4419715D81FC300E98AB6 /* image (63).png */; };
		25B4421215D81FC300E98AB6 /* image (64).png in Resources */ = {isa = PBXBuildFile; fileRef = 25B4419815D81FC300E98AB6 /* image (64).png */; };
		25B4421315D81FC300E98AB6 /* image (65).png in Resources */ = {isa = PBXBuildFile; fileRef = 25B4419915D81FC300E98AB6 /* image (65).png */; };
		25B4421415D81FC300E98AB6 /* image (66).png in Resources */ = {isa = PBXBuildFile; fileRef = 25B4419A15D81FC300E98AB6 /* image (66).png */; };
		25B4421515D81FC300E98AB6 /* image (67).png in Resources */ = {isa = PBXBuildFile; fileRef = 25B4419B15D81FC300E98AB6 /* image (67).png */; };
		25B4421615D81FC300E98AB6 /* image (68).png in Resources */ = {isa = PBXBuildFile; fileRef = 25B4419C15D81FC300E98AB6 /* image (68).png */; };
		25B4421715D81FC300E98AB6 /* image (69).png in Resources */ = {isa = PBXBuildFile; fileRef = 25B4419D15D81FC300E98AB6 /* image (69).png */; };
		25B4421815D81FC300E98AB6 /* stand_0_0.png in Resources */ = {isa = PBXBuildFile; fileRef = 25B4419F15D81FC300E98AB6 /* stand_0_0.png */; };
		25B4421915D81FC300E98AB6 /* stand_0_1.png in Resources */ = {isa = PBXBuildFile; fileRef = 25B441A015D81FC300E98AB6 /* stand_0_1.png */; };
		25B4421A15D81FC300E98AB6 /* stand_0_2.png in Resources */ = {isa = PBXBuildFile; fileRef = 25B441A115D81FC300E98AB6 /* stand_0_2.png */; };
		25B4421B15D81FC300E98AB6 /* stand_0_3.png in Resources */ = {isa = PBXBuildFile; fileRef = 25B441A215D81FC300E98AB6 /* stand_0_3.png */; };
		25B4421C15D81FC300E98AB6 /* stand_0_4.png in Resources */ = {isa = PBXBuildFile; fileRef = 25B441A315D81FC300E98AB6 /* stand_0_4.png */; };
		25B4421D15D81FC300E98AB6 /* stand_0_5.png in Resources */ = {isa = PBXBuildFile; fileRef = 25B441A415D81FC300E98AB6 /* stand_0_5.png */; };
		25B4421E15D81FC300E98AB6 /* stand_1_0.png in Resources */ = {isa = PBXBuildFile; fileRef = 25B441A515D81FC300E98AB6 /* stand_1_0.png */; };
		25B4421F15D81FC300E98AB6 /* stand_1_1.png in Resources */ = {isa = PBXBuildFile; fileRef = 25B441A615D81FC300E98AB6 /* stand_1_1.png */; };
		25B4422015D81FC300E98AB6 /* stand_1_2.png in Resources */ = {isa = PBXBuildFile; fileRef = 25B441A715D81FC300E98AB6 /* stand_1_2.png */; };
		25B4422115D81FC300E98AB6 /* stand_1_3.png in Resources */ = {isa = PBXBuildFile; fileRef = 25B441A815D81FC300E98AB6 /* stand_1_3.png */; };
		25B4422215D81FC300E98AB6 /* stand_1_4.png in Resources */ = {isa = PBXBuildFile; fileRef = 25B441A915D81FC300E98AB6 /* stand_1_4.png */; };
		25B4422315D81FC300E98AB6 /* stand_1_5.png in Resources */ = {isa = PBXBuildFile; fileRef = 25B441AA15D81FC300E98AB6 /* stand_1_5.png */; };
		25B4422415D81FC300E98AB6 /* stand_2_0.png in Resources */ = {isa = PBXBuildFile; fileRef = 25B441AB15D81FC300E98AB6 /* stand_2_0.png */; };
		25B4422515D81FC300E98AB6 /* stand_2_1.png in Resources */ = {isa = PBXBuildFile; fileRef = 25B441AC15D81FC300E98AB6 /* stand_2_1.png */; };
		25B4422615D81FC300E98AB6 /* stand_2_2.png in Resources */ = {isa = PBXBuildFile; fileRef = 25B441AD15D81FC300E98AB6 /* stand_2_2.png */; };
		25B4422715D81FC300E98AB6 /* stand_2_3.png in Resources */ = {isa = PBXBuildFile; fileRef = 25B441AE15D81FC300E98AB6 /* stand_2_3.png */; };
		25B4422815D81FC300E98AB6 /* stand_2_4.png in Resources */ = {isa = PBXBuildFile; fileRef = 25B441AF15D81FC300E98AB6 /* stand_2_4.png */; };
		25B4422915D81FC300E98AB6 /* stand_2_5.png in Resources */ = {isa = PBXBuildFile; fileRef = 25B441B015D81FC300E98AB6 /* stand_2_5.png */; };
		25B4422A15D81FC300E98AB6 /* stand_3_0.png in Resources */ = {isa = PBXBuildFile; fileRef = 25B441B115D81FC300E98AB6 /* stand_3_0.png */; };
		25B4422B15D81FC300E98AB6 /* stand_3_1.png in Resources */ = {isa = PBXBuildFile; fileRef = 25B441B215D81FC300E98AB6 /* stand_3_1.png */; };
		25B4422C15D81FC300E98AB6 /* stand_3_2.png in Resources */ = {isa = PBXBuildFile; fileRef = 25B441B315D81FC300E98AB6 /* stand_3_2.png */; };
		25B4422D15D81FC300E98AB6 /* stand_3_3.png in Resources */ = {isa = PBXBuildFile; fileRef = 25B441B415D81FC300E98AB6 /* stand_3_3.png */; };
		25B4422E15D81FC300E98AB6 /* stand_3_4.png in Resources */ = {isa = PBXBuildFile; fileRef = 25B441B515D81FC300E98AB6 /* stand_3_4.png */; };
		25B4422F15D81FC300E98AB6 /* stand_3_5.png in Resources */ = {isa = PBXBuildFile; fileRef = 25B441B615D81FC300E98AB6 /* stand_3_5.png */; };
		25B4423015D81FC300E98AB6 /* stand_4_0.png in Resources */ = {isa = PBXBuildFile; fileRef = 25B441B715D81FC300E98AB6 /* stand_4_0.png */; };
		25B4423115D81FC300E98AB6 /* stand_4_1.png in Resources */ = {isa = PBXBuildFile; fileRef = 25B441B815D81FC300E98AB6 /* stand_4_1.png */; };
		25B4423215D81FC300E98AB6 /* stand_4_2.png in Resources */ = {isa = PBXBuildFile; fileRef = 25B441B915D81FC300E98AB6 /* stand_4_2.png */; };
		25B4423315D81FC300E98AB6 /* stand_4_3.png in Resources */ = {isa = PBXBuildFile; fileRef = 25B441BA15D81FC300E98AB6 /* stand_4_3.png */; };
		25B4423415D81FC300E98AB6 /* stand_4_4.png in Resources */ = {isa = PBXBuildFile; fileRef = 25B441BB15D81FC300E98AB6 /* stand_4_4.png */; };
		25B4423515D81FC300E98AB6 /* stand_4_5.png in Resources */ = {isa = PBXBuildFile; fileRef = 25B441BC15D81FC300E98AB6 /* stand_4_5.png */; };
		25B4423615D81FC300E98AB6 /* Thumbs.db in Resources */ = {isa = PBXBuildFile; fileRef = 25B441BD15D81FC300E98AB6 /* Thumbs.db */; };
		25B4423915D8274800E98AB6 /* Hero.m in Sources */ = {isa = PBXBuildFile; fileRef = 25B4423815D8274700E98AB6 /* Hero.m */; };
		288765FD0DF74451002DB57D /* CoreGraphics.framework in Frameworks */ = {isa = PBXBuildFile; fileRef = 288765FC0DF74451002DB57D /* CoreGraphics.framework */; };
		DE1FBDFD14F831A300E86642 /* SPResizeEvent.m in Sources */ = {isa = PBXBuildFile; fileRef = DE1FBDFC14F831A300E86642 /* SPResizeEvent.m */; };
		DE3F093811B7B9DC009D4DB0 /* AVFoundation.framework in Frameworks */ = {isa = PBXBuildFile; fileRef = DE3F093711B7B9DC009D4DB0 /* AVFoundation.framework */; };
		DE3F093A11B7B9DC009D4DB0 /* AudioToolbox.framework in Frameworks */ = {isa = PBXBuildFile; fileRef = DE3F093911B7B9DC009D4DB0 /* AudioToolbox.framework */; };
		DE3F097811B7BABD009D4DB0 /* OpenAL.framework in Frameworks */ = {isa = PBXBuildFile; fileRef = DE3F097711B7BABD009D4DB0 /* OpenAL.framework */; };
		DE4A3D7A10FFB08200FDA492 /* OpenGLES.framework in Frameworks */ = {isa = PBXBuildFile; fileRef = DE4A3D7910FFB08200FDA492 /* OpenGLES.framework */; };
		DE4A3D7F10FFB08B00FDA492 /* QuartzCore.framework in Frameworks */ = {isa = PBXBuildFile; fileRef = DE4A3D7E10FFB08B00FDA492 /* QuartzCore.framework */; };
		DE4A3DB910FFB0FE00FDA492 /* libSparrow.a in Frameworks */ = {isa = PBXBuildFile; fileRef = DE4A3DB010FFB0DB00FDA492 /* libSparrow.a */; };
		DE4A3DE510FFB2AF00FDA492 /* Game.m in Sources */ = {isa = PBXBuildFile; fileRef = DE4A3DE410FFB2AF00FDA492 /* Game.m */; };
		DE4F80C714E1481C00655D44 /* ViewController.m in Sources */ = {isa = PBXBuildFile; fileRef = DE4F80C614E1481B00655D44 /* ViewController.m */; };
		DE4F80D614E153E600655D44 /* Media.m in Sources */ = {isa = PBXBuildFile; fileRef = DE4F80D514E153E600655D44 /* Media.m */; };
		DE4F80E814E1541400655D44 /* sound.caf in Resources */ = {isa = PBXBuildFile; fileRef = DE4F80DB14E1541400655D44 /* sound.caf */; };
		DE4F80E914E1541400655D44 /* atlas.png in Resources */ = {isa = PBXBuildFile; fileRef = DE4F80DE14E1541400655D44 /* atlas.png */; };
		DE4F80EA14E1541400655D44 /* atlas.xml in Resources */ = {isa = PBXBuildFile; fileRef = DE4F80DF14E1541400655D44 /* atlas.xml */; };
		DE4F80EB14E1541400655D44 /* Default.png in Resources */ = {isa = PBXBuildFile; fileRef = DE4F80E014E1541400655D44 /* Default.png */; };
		DE4F80ED14E1541400655D44 /* atlas@2x.png in Resources */ = {isa = PBXBuildFile; fileRef = DE4F80E314E1541400655D44 /* atlas@2x.png */; };
		DE4F80EE14E1541400655D44 /* atlas@2x.xml in Resources */ = {isa = PBXBuildFile; fileRef = DE4F80E414E1541400655D44 /* atlas@2x.xml */; };
		DE4F80EF14E1541400655D44 /* Default@2x.png in Resources */ = {isa = PBXBuildFile; fileRef = DE4F80E514E1541400655D44 /* Default@2x.png */; };
		DE4F80F714E15D7200655D44 /* Icon.png in Resources */ = {isa = PBXBuildFile; fileRef = DE4F80F614E15D7200655D44 /* Icon.png */; };
		DE4F80F914E15D8A00655D44 /* Icon@2x.png in Resources */ = {isa = PBXBuildFile; fileRef = DE4F80F814E15D8A00655D44 /* Icon@2x.png */; };
		DE5C4E6E138ED109004892CA /* libz.dylib in Frameworks */ = {isa = PBXBuildFile; fileRef = DE5C4E6D138ED109004892CA /* libz.dylib */; };
		DE71B21B14ED15EE00E37AE6 /* background@2x.jpg in Resources */ = {isa = PBXBuildFile; fileRef = DE71B21914ED15EE00E37AE6 /* background@2x.jpg */; };
		DE71B21C14ED15EE00E37AE6 /* background@2x~ipad.jpg in Resources */ = {isa = PBXBuildFile; fileRef = DE71B21A14ED15EE00E37AE6 /* background@2x~ipad.jpg */; };
		DE71B21E14ED15F500E37AE6 /* background.jpg in Resources */ = {isa = PBXBuildFile; fileRef = DE71B21D14ED15F500E37AE6 /* background.jpg */; };
		DE71B22214ED164600E37AE6 /* Default-Portrait~ipad.png in Resources */ = {isa = PBXBuildFile; fileRef = DE71B22114ED164600E37AE6 /* Default-Portrait~ipad.png */; };
		DE8055CB15065DED006A9426 /* Icon~ipad.png in Resources */ = {isa = PBXBuildFile; fileRef = DE8055CA15065DED006A9426 /* Icon~ipad.png */; };
		DE88295114ECF12000773036 /* GameController.m in Sources */ = {isa = PBXBuildFile; fileRef = DE88295014ECF11F00773036 /* GameController.m */; };
		DECF454814F2E527006A4287 /* SPOverlayView.m in Sources */ = {isa = PBXBuildFile; fileRef = DECF454714F2E527006A4287 /* SPOverlayView.m */; };
/* End PBXBuildFile section */

/* Begin PBXContainerItemProxy section */
		DE4A3DAF10FFB0DB00FDA492 /* PBXContainerItemProxy */ = {
			isa = PBXContainerItemProxy;
			containerPortal = DE4A3DA210FFB0D400FDA492 /* Sparrow.xcodeproj */;
			proxyType = 2;
			remoteGlobalIDString = DEFE4BC2101B317600E22471;
			remoteInfo = Sparrow;
		};
		DE4A3DB110FFB0DB00FDA492 /* PBXContainerItemProxy */ = {
			isa = PBXContainerItemProxy;
			containerPortal = DE4A3DA210FFB0D400FDA492 /* Sparrow.xcodeproj */;
			proxyType = 2;
			remoteGlobalIDString = DEEA9335101E32A30071DD21;
			remoteInfo = UnitTests;
		};
		DE4A3DB710FFB0F500FDA492 /* PBXContainerItemProxy */ = {
			isa = PBXContainerItemProxy;
			containerPortal = DE4A3DA210FFB0D400FDA492 /* Sparrow.xcodeproj */;
			proxyType = 1;
			remoteGlobalIDString = DEFE4BC1101B317600E22471;
			remoteInfo = Sparrow;
		};
/* End PBXContainerItemProxy section */

/* Begin PBXFileReference section */
		1D30AB110D05D00D00671497 /* Foundation.framework */ = {isa = PBXFileReference; lastKnownFileType = wrapper.framework; name = Foundation.framework; path = System/Library/Frameworks/Foundation.framework; sourceTree = SDKROOT; };
		1D3623240D0F684500981E51 /* AppDelegate.h */ = {isa = PBXFileReference; fileEncoding = 4; lastKnownFileType = sourcecode.c.h; path = AppDelegate.h; sourceTree = "<group>"; };
		1D3623250D0F684500981E51 /* AppDelegate.m */ = {isa = PBXFileReference; fileEncoding = 4; lastKnownFileType = sourcecode.c.objc; path = AppDelegate.m; sourceTree = "<group>"; };
		1D6058910D05DD3D006BFB54 /* Adam.app */ = {isa = PBXFileReference; explicitFileType = wrapper.application; includeInIndex = 0; path = Adam.app; sourceTree = BUILT_PRODUCTS_DIR; };
		1DF5F4DF0D08C38300B7A737 /* UIKit.framework */ = {isa = PBXFileReference; lastKnownFileType = wrapper.framework; name = UIKit.framework; path = System/Library/Frameworks/UIKit.framework; sourceTree = SDKROOT; };
		25B3DD5B15D17C1A000CE459 /* blue_umbrella.png */ = {isa = PBXFileReference; lastKnownFileType = image.png; path = blue_umbrella.png; sourceTree = "<group>"; };
		25B3DD5D15D17C44000CE459 /* red_umbrella.png */ = {isa = PBXFileReference; lastKnownFileType = image.png; path = red_umbrella.png; sourceTree = "<group>"; };
		25B3DD5E15D17C44000CE459 /* green_umbrella.png */ = {isa = PBXFileReference; lastKnownFileType = image.png; path = green_umbrella.png; sourceTree = "<group>"; };
		25B3DD5F15D17C44000CE459 /* pink_umbrella.png */ = {isa = PBXFileReference; lastKnownFileType = image.png; path = pink_umbrella.png; sourceTree = "<group>"; };
		25B3DD6015D17C44000CE459 /* gray_umbrella.png */ = {isa = PBXFileReference; lastKnownFileType = image.png; path = gray_umbrella.png; sourceTree = "<group>"; };
		25B3DD6515D1859D000CE459 /* Umbrella.h */ = {isa = PBXFileReference; fileEncoding = 4; lastKnownFileType = sourcecode.c.h; path = Umbrella.h; sourceTree = "<group>"; };
		25B3DD6615D1859D000CE459 /* Umbrella.m */ = {isa = PBXFileReference; fileEncoding = 4; lastKnownFileType = sourcecode.c.objc; path = Umbrella.m; sourceTree = "<group>"; };
		25B41B0615CEDEE000CB028F /* background1.png */ = {isa = PBXFileReference; lastKnownFileType = image.png; path = background1.png; sourceTree = "<group>"; };
		25B41B0815CEDEEB00CB028F /* background1@2x.png */ = {isa = PBXFileReference; lastKnownFileType = image.png; path = "background1@2x.png"; sourceTree = "<group>"; };
		25B41B0A15CEE02500CB028F /* background2.png */ = {isa = PBXFileReference; lastKnownFileType = image.png; path = background2.png; sourceTree = "<group>"; };
		25B41B0C15CEE03600CB028F /* background2@2x.png */ = {isa = PBXFileReference; lastKnownFileType = image.png; path = "background2@2x.png"; sourceTree = "<group>"; };
		25B41B0E15CEE09700CB028F /* background3.png */ = {isa = PBXFileReference; lastKnownFileType = image.png; path = background3.png; sourceTree = "<group>"; };
		25B41B1015CEE0A000CB028F /* background3@2x.png */ = {isa = PBXFileReference; lastKnownFileType = image.png; path = "background3@2x.png"; sourceTree = "<group>"; };
		25B4404315D7CBC600E98AB6 /* player_body.png */ = {isa = PBXFileReference; lastKnownFileType = image.png; path = player_body.png; sourceTree = "<group>"; };
		25B4404415D7CBC600E98AB6 /* player_leg1.png */ = {isa = PBXFileReference; lastKnownFileType = image.png; path = player_leg1.png; sourceTree = "<group>"; };
		25B4404515D7CBC600E98AB6 /* player_leg2.png */ = {isa = PBXFileReference; lastKnownFileType = image.png; path = player_leg2.png; sourceTree = "<group>"; };
		25B4404615D7CBC600E98AB6 /* player_umbrella1.png */ = {isa = PBXFileReference; lastKnownFileType = image.png; path = player_umbrella1.png; sourceTree = "<group>"; };
		25B4404715D7CBC600E98AB6 /* player_umbrella2.png */ = {isa = PBXFileReference; lastKnownFileType = image.png; path = player_umbrella2.png; sourceTree = "<group>"; };
		25B4414215D81FC300E98AB6 /* image (100).png */ = {isa = PBXFileReference; lastKnownFileType = image.png; path = "image (100).png"; sourceTree = "<group>"; };
		25B4414315D81FC300E98AB6 /* image (101).png */ = {isa = PBXFileReference; lastKnownFileType = image.png; path = "image (101).png"; sourceTree = "<group>"; };
		25B4414415D81FC300E98AB6 /* image (102).png */ = {isa = PBXFileReference; lastKnownFileType = image.png; path = "image (102).png"; sourceTree = "<group>"; };
		25B4414515D81FC300E98AB6 /* image (103).png */ = {isa = PBXFileReference; lastKnownFileType = image.png; path = "image (103).png"; sourceTree = "<group>"; };
		25B4414615D81FC300E98AB6 /* image (104).png */ = {isa = PBXFileReference; lastKnownFileType = image.png; path = "image (104).png"; sourceTree = "<group>"; };
		25B4414715D81FC300E98AB6 /* image (105).png */ = {isa = PBXFileReference; lastKnownFileType = image.png; path = "image (105).png"; sourceTree = "<group>"; };
		25B4414815D81FC300E98AB6 /* image (106).png */ = {isa = PBXFileReference; lastKnownFileType = image.png; path = "image (106).png"; sourceTree = "<group>"; };
		25B4414915D81FC300E98AB6 /* image (107).png */ = {isa = PBXFileReference; lastKnownFileType = image.png; path = "image (107).png"; sourceTree = "<group>"; };
		25B4414A15D81FC300E98AB6 /* image (108).png */ = {isa = PBXFileReference; lastKnownFileType = image.png; path = "image (108).png"; sourceTree = "<group>"; };
		25B4414B15D81FC300E98AB6 /* image (109).png */ = {isa = PBXFileReference; lastKnownFileType = image.png; path = "image (109).png"; sourceTree = "<group>"; };
		25B4414C15D81FC300E98AB6 /* image (70).png */ = {isa = PBXFileReference; lastKnownFileType = image.png; path = "image (70).png"; sourceTree = "<group>"; };
		25B4414D15D81FC300E98AB6 /* image (71).png */ = {isa = PBXFileReference; lastKnownFileType = image.png; path = "image (71).png"; sourceTree = "<group>"; };
		25B4414E15D81FC300E98AB6 /* image (72).png */ = {isa = PBXFileReference; lastKnownFileType = image.png; path = "image (72).png"; sourceTree = "<group>"; };
		25B4414F15D81FC300E98AB6 /* image (73).png */ = {isa = PBXFileReference; lastKnownFileType = image.png; path = "image (73).png"; sourceTree = "<group>"; };
		25B4415015D81FC300E98AB6 /* image (74).png */ = {isa = PBXFileReference; lastKnownFileType = image.png; path = "image (74).png"; sourceTree = "<group>"; };
		25B4415115D81FC300E98AB6 /* image (75).png */ = {isa = PBXFileReference; lastKnownFileType = image.png; path = "image (75).png"; sourceTree = "<group>"; };
		25B4415215D81FC300E98AB6 /* image (76).png */ = {isa = PBXFileReference; lastKnownFileType = image.png; path = "image (76).png"; sourceTree = "<group>"; };
		25B4415315D81FC300E98AB6 /* image (77).png */ = {isa = PBXFileReference; lastKnownFileType = image.png; path = "image (77).png"; sourceTree = "<group>"; };
		25B4415415D81FC300E98AB6 /* image (78).png */ = {isa = PBXFileReference; lastKnownFileType = image.png; path = "image (78).png"; sourceTree = "<group>"; };
		25B4415515D81FC300E98AB6 /* image (79).png */ = {isa = PBXFileReference; lastKnownFileType = image.png; path = "image (79).png"; sourceTree = "<group>"; };
		25B4415615D81FC300E98AB6 /* image (80).png */ = {isa = PBXFileReference; lastKnownFileType = image.png; path = "image (80).png"; sourceTree = "<group>"; };
		25B4415715D81FC300E98AB6 /* image (81).png */ = {isa = PBXFileReference; lastKnownFileType = image.png; path = "image (81).png"; sourceTree = "<group>"; };
		25B4415815D81FC300E98AB6 /* image (82).png */ = {isa = PBXFileReference; lastKnownFileType = image.png; path = "image (82).png"; sourceTree = "<group>"; };
		25B4415915D81FC300E98AB6 /* image (83).png */ = {isa = PBXFileReference; lastKnownFileType = image.png; path = "image (83).png"; sourceTree = "<group>"; };
		25B4415A15D81FC300E98AB6 /* image (84).png */ = {isa = PBXFileReference; lastKnownFileType = image.png; path = "image (84).png"; sourceTree = "<group>"; };
		25B4415B15D81FC300E98AB6 /* image (85).png */ = {isa = PBXFileReference; lastKnownFileType = image.png; path = "image (85).png"; sourceTree = "<group>"; };
		25B4415C15D81FC300E98AB6 /* image (86).png */ = {isa = PBXFileReference; lastKnownFileType = image.png; path = "image (86).png"; sourceTree = "<group>"; };
		25B4415D15D81FC300E98AB6 /* image (87).png */ = {isa = PBXFileReference; lastKnownFileType = image.png; path = "image (87).png"; sourceTree = "<group>"; };
		25B4415E15D81FC300E98AB6 /* image (88).png */ = {isa = PBXFileReference; lastKnownFileType = image.png; path = "image (88).png"; sourceTree = "<group>"; };
		25B4415F15D81FC300E98AB6 /* image (89).png */ = {isa = PBXFileReference; lastKnownFileType = image.png; path = "image (89).png"; sourceTree = "<group>"; };
		25B4416015D81FC300E98AB6 /* image (90).png */ = {isa = PBXFileReference; lastKnownFileType = image.png; path = "image (90).png"; sourceTree = "<group>"; };
		25B4416115D81FC300E98AB6 /* image (91).png */ = {isa = PBXFileReference; lastKnownFileType = image.png; path = "image (91).png"; sourceTree = "<group>"; };
		25B4416215D81FC300E98AB6 /* image (92).png */ = {isa = PBXFileReference; lastKnownFileType = image.png; path = "image (92).png"; sourceTree = "<group>"; };
		25B4416315D81FC300E98AB6 /* image (93).png */ = {isa = PBXFileReference; lastKnownFileType = image.png; path = "image (93).png"; sourceTree = "<group>"; };
		25B4416415D81FC300E98AB6 /* image (94).png */ = {isa = PBXFileReference; lastKnownFileType = image.png; path = "image (94).png"; sourceTree = "<group>"; };
		25B4416515D81FC300E98AB6 /* image (95).png */ = {isa = PBXFileReference; lastKnownFileType = image.png; path = "image (95).png"; sourceTree = "<group>"; };
		25B4416615D81FC300E98AB6 /* image (96).png */ = {isa = PBXFileReference; lastKnownFileType = image.png; path = "image (96).png"; sourceTree = "<group>"; };
		25B4416715D81FC300E98AB6 /* image (97).png */ = {isa = PBXFileReference; lastKnownFileType = image.png; path = "image (97).png"; sourceTree = "<group>"; };
		25B4416815D81FC300E98AB6 /* image (98).png */ = {isa = PBXFileReference; lastKnownFileType = image.png; path = "image (98).png"; sourceTree = "<group>"; };
		25B4416915D81FC300E98AB6 /* image (99).png */ = {isa = PBXFileReference; lastKnownFileType = image.png; path = "image (99).png"; sourceTree = "<group>"; };
		25B4416B15D81FC300E98AB6 /* image (110).png */ = {isa = PBXFileReference; lastKnownFileType = image.png; path = "image (110).png"; sourceTree = "<group>"; };
		25B4416C15D81FC300E98AB6 /* image (111).png */ = {isa = PBXFileReference; lastKnownFileType = image.png; path = "image (111).png"; sourceTree = "<group>"; };
		25B4416D15D81FC300E98AB6 /* image (112).png */ = {isa = PBXFileReference; lastKnownFileType = image.png; path = "image (112).png"; sourceTree = "<group>"; };
		25B4416E15D81FC300E98AB6 /* image (113).png */ = {isa = PBXFileReference; lastKnownFileType = image.png; path = "image (113).png"; sourceTree = "<group>"; };
		25B4416F15D81FC300E98AB6 /* image (114).png */ = {isa = PBXFileReference; lastKnownFileType = image.png; path = "image (114).png"; sourceTree = "<group>"; };
		25B4417015D81FC300E98AB6 /* image (115).png */ = {isa = PBXFileReference; lastKnownFileType = image.png; path = "image (115).png"; sourceTree = "<group>"; };
		25B4417115D81FC300E98AB6 /* image (116).png */ = {isa = PBXFileReference; lastKnownFileType = image.png; path = "image (116).png"; sourceTree = "<group>"; };
		25B4417215D81FC300E98AB6 /* image (117).png */ = {isa = PBXFileReference; lastKnownFileType = image.png; path = "image (117).png"; sourceTree = "<group>"; };
		25B4417315D81FC300E98AB6 /* image (118).png */ = {isa = PBXFileReference; lastKnownFileType = image.png; path = "image (118).png"; sourceTree = "<group>"; };
		25B4417415D81FC300E98AB6 /* image (119).png */ = {isa = PBXFileReference; lastKnownFileType = image.png; path = "image (119).png"; sourceTree = "<group>"; };
		25B4417615D81FC300E98AB6 /* image (30).png */ = {isa = PBXFileReference; lastKnownFileType = image.png; path = "image (30).png"; sourceTree = "<group>"; };
		25B4417715D81FC300E98AB6 /* image (31).png */ = {isa = PBXFileReference; lastKnownFileType = image.png; path = "image (31).png"; sourceTree = "<group>"; };
		25B4417815D81FC300E98AB6 /* image (32).png */ = {isa = PBXFileReference; lastKnownFileType = image.png; path = "image (32).png"; sourceTree = "<group>"; };
		25B4417915D81FC300E98AB6 /* image (33).png */ = {isa = PBXFileReference; lastKnownFileType = image.png; path = "image (33).png"; sourceTree = "<group>"; };
		25B4417A15D81FC300E98AB6 /* image (34).png */ = {isa = PBXFileReference; lastKnownFileType = image.png; path = "image (34).png"; sourceTree = "<group>"; };
		25B4417B15D81FC300E98AB6 /* image (35).png */ = {isa = PBXFileReference; lastKnownFileType = image.png; path = "image (35).png"; sourceTree = "<group>"; };
		25B4417C15D81FC300E98AB6 /* image (36).png */ = {isa = PBXFileReference; lastKnownFileType = image.png; path = "image (36).png"; sourceTree = "<group>"; };
		25B4417D15D81FC300E98AB6 /* image (37).png */ = {isa = PBXFileReference; lastKnownFileType = image.png; path = "image (37).png"; sourceTree = "<group>"; };
		25B4417E15D81FC300E98AB6 /* image (38).png */ = {isa = PBXFileReference; lastKnownFileType = image.png; path = "image (38).png"; sourceTree = "<group>"; };
		25B4417F15D81FC300E98AB6 /* image (39).png */ = {isa = PBXFileReference; lastKnownFileType = image.png; path = "image (39).png"; sourceTree = "<group>"; };
		25B4418015D81FC300E98AB6 /* image (40).png */ = {isa = PBXFileReference; lastKnownFileType = image.png; path = "image (40).png"; sourceTree = "<group>"; };
		25B4418115D81FC300E98AB6 /* image (41).png */ = {isa = PBXFileReference; lastKnownFileType = image.png; path = "image (41).png"; sourceTree = "<group>"; };
		25B4418215D81FC300E98AB6 /* image (42).png */ = {isa = PBXFileReference; lastKnownFileType = image.png; path = "image (42).png"; sourceTree = "<group>"; };
		25B4418315D81FC300E98AB6 /* image (43).png */ = {isa = PBXFileReference; lastKnownFileType = image.png; path = "image (43).png"; sourceTree = "<group>"; };
		25B4418415D81FC300E98AB6 /* image (44).png */ = {isa = PBXFileReference; lastKnownFileType = image.png; path = "image (44).png"; sourceTree = "<group>"; };
		25B4418515D81FC300E98AB6 /* image (45).png */ = {isa = PBXFileReference; lastKnownFileType = image.png; path = "image (45).png"; sourceTree = "<group>"; };
		25B4418615D81FC300E98AB6 /* image (46).png */ = {isa = PBXFileReference; lastKnownFileType = image.png; path = "image (46).png"; sourceTree = "<group>"; };
		25B4418715D81FC300E98AB6 /* image (47).png */ = {isa = PBXFileReference; lastKnownFileType = image.png; path = "image (47).png"; sourceTree = "<group>"; };
		25B4418815D81FC300E98AB6 /* image (48).png */ = {isa = PBXFileReference; lastKnownFileType = image.png; path = "image (48).png"; sourceTree = "<group>"; };
		25B4418915D81FC300E98AB6 /* image (49).png */ = {isa = PBXFileReference; lastKnownFileType = image.png; path = "image (49).png"; sourceTree = "<group>"; };
		25B4418A15D81FC300E98AB6 /* image (50).png */ = {isa = PBXFileReference; lastKnownFileType = image.png; path = "image (50).png"; sourceTree = "<group>"; };
		25B4418B15D81FC300E98AB6 /* image (51).png */ = {isa = PBXFileReference; lastKnownFileType = image.png; path = "image (51).png"; sourceTree = "<group>"; };
		25B4418C15D81FC300E98AB6 /* image (52).png */ = {isa = PBXFileReference; lastKnownFileType = image.png; path = "image (52).png"; sourceTree = "<group>"; };
		25B4418D15D81FC300E98AB6 /* image (53).png */ = {isa = PBXFileReference; lastKnownFileType = image.png; path = "image (53).png"; sourceTree = "<group>"; };
		25B4418E15D81FC300E98AB6 /* image (54).png */ = {isa = PBXFileReference; lastKnownFileType = image.png; path = "image (54).png"; sourceTree = "<group>"; };
		25B4418F15D81FC300E98AB6 /* image (55).png */ = {isa = PBXFileReference; lastKnownFileType = image.png; path = "image (55).png"; sourceTree = "<group>"; };
		25B4419015D81FC300E98AB6 /* image (56).png */ = {isa = PBXFileReference; lastKnownFileType = image.png; path = "image (56).png"; sourceTree = "<group>"; };
		25B4419115D81FC300E98AB6 /* image (57).png */ = {isa = PBXFileReference; lastKnownFileType = image.png; path = "image (57).png"; sourceTree = "<group>"; };
		25B4419215D81FC300E98AB6 /* image (58).png */ = {isa = PBXFileReference; lastKnownFileType = image.png; path = "image (58).png"; sourceTree = "<group>"; };
		25B4419315D81FC300E98AB6 /* image (59).png */ = {isa = PBXFileReference; lastKnownFileType = image.png; path = "image (59).png"; sourceTree = "<group>"; };
		25B4419415D81FC300E98AB6 /* image (60).png */ = {isa = PBXFileReference; lastKnownFileType = image.png; path = "image (60).png"; sourceTree = "<group>"; };
		25B4419515D81FC300E98AB6 /* image (61).png */ = {isa = PBXFileReference; lastKnownFileType = image.png; path = "image (61).png"; sourceTree = "<group>"; };
		25B4419615D81FC300E98AB6 /* image (62).png */ = {isa = PBXFileReference; lastKnownFileType = image.png; path = "image (62).png"; sourceTree = "<group>"; };
		25B4419715D81FC300E98AB6 /* image (63).png */ = {isa = PBXFileReference; lastKnownFileType = image.png; path = "image (63).png"; sourceTree = "<group>"; };
		25B4419815D81FC300E98AB6 /* image (64).png */ = {isa = PBXFileReference; lastKnownFileType = image.png; path = "image (64).png"; sourceTree = "<group>"; };
		25B4419915D81FC300E98AB6 /* image (65).png */ = {isa = PBXFileReference; lastKnownFileType = image.png; path = "image (65).png"; sourceTree = "<group>"; };
		25B4419A15D81FC300E98AB6 /* image (66).png */ = {isa = PBXFileReference; lastKnownFileType = image.png; path = "image (66).png"; sourceTree = "<group>"; };
		25B4419B15D81FC300E98AB6 /* image (67).png */ = {isa = PBXFileReference; lastKnownFileType = image.png; path = "image (67).png"; sourceTree = "<group>"; };
		25B4419C15D81FC300E98AB6 /* image (68).png */ = {isa = PBXFileReference; lastKnownFileType = image.png; path = "image (68).png"; sourceTree = "<group>"; };
		25B4419D15D81FC300E98AB6 /* image (69).png */ = {isa = PBXFileReference; lastKnownFileType = image.png; path = "image (69).png"; sourceTree = "<group>"; };
		25B4419F15D81FC300E98AB6 /* stand_0_0.png */ = {isa = PBXFileReference; lastKnownFileType = image.png; path = stand_0_0.png; sourceTree = "<group>"; };
		25B441A015D81FC300E98AB6 /* stand_0_1.png */ = {isa = PBXFileReference; lastKnownFileType = image.png; path = stand_0_1.png; sourceTree = "<group>"; };
		25B441A115D81FC300E98AB6 /* stand_0_2.png */ = {isa = PBXFileReference; lastKnownFileType = image.png; path = stand_0_2.png; sourceTree = "<group>"; };
		25B441A215D81FC300E98AB6 /* stand_0_3.png */ = {isa = PBXFileReference; lastKnownFileType = image.png; path = stand_0_3.png; sourceTree = "<group>"; };
		25B441A315D81FC300E98AB6 /* stand_0_4.png */ = {isa = PBXFileReference; lastKnownFileType = image.png; path = stand_0_4.png; sourceTree = "<group>"; };
		25B441A415D81FC300E98AB6 /* stand_0_5.png */ = {isa = PBXFileReference; lastKnownFileType = image.png; path = stand_0_5.png; sourceTree = "<group>"; };
		25B441A515D81FC300E98AB6 /* stand_1_0.png */ = {isa = PBXFileReference; lastKnownFileType = image.png; path = stand_1_0.png; sourceTree = "<group>"; };
		25B441A615D81FC300E98AB6 /* stand_1_1.png */ = {isa = PBXFileReference; lastKnownFileType = image.png; path = stand_1_1.png; sourceTree = "<group>"; };
		25B441A715D81FC300E98AB6 /* stand_1_2.png */ = {isa = PBXFileReference; lastKnownFileType = image.png; path = stand_1_2.png; sourceTree = "<group>"; };
		25B441A815D81FC300E98AB6 /* stand_1_3.png */ = {isa = PBXFileReference; lastKnownFileType = image.png; path = stand_1_3.png; sourceTree = "<group>"; };
		25B441A915D81FC300E98AB6 /* stand_1_4.png */ = {isa = PBXFileReference; lastKnownFileType = image.png; path = stand_1_4.png; sourceTree = "<group>"; };
		25B441AA15D81FC300E98AB6 /* stand_1_5.png */ = {isa = PBXFileReference; lastKnownFileType = image.png; path = stand_1_5.png; sourceTree = "<group>"; };
		25B441AB15D81FC300E98AB6 /* stand_2_0.png */ = {isa = PBXFileReference; lastKnownFileType = image.png; path = stand_2_0.png; sourceTree = "<group>"; };
		25B441AC15D81FC300E98AB6 /* stand_2_1.png */ = {isa = PBXFileReference; lastKnownFileType = image.png; path = stand_2_1.png; sourceTree = "<group>"; };
		25B441AD15D81FC300E98AB6 /* stand_2_2.png */ = {isa = PBXFileReference; lastKnownFileType = image.png; path = stand_2_2.png; sourceTree = "<group>"; };
		25B441AE15D81FC300E98AB6 /* stand_2_3.png */ = {isa = PBXFileReference; lastKnownFileType = image.png; path = stand_2_3.png; sourceTree = "<group>"; };
		25B441AF15D81FC300E98AB6 /* stand_2_4.png */ = {isa = PBXFileReference; lastKnownFileType = image.png; path = stand_2_4.png; sourceTree = "<group>"; };
		25B441B015D81FC300E98AB6 /* stand_2_5.png */ = {isa = PBXFileReference; lastKnownFileType = image.png; path = stand_2_5.png; sourceTree = "<group>"; };
		25B441B115D81FC300E98AB6 /* stand_3_0.png */ = {isa = PBXFileReference; lastKnownFileType = image.png; path = stand_3_0.png; sourceTree = "<group>"; };
		25B441B215D81FC300E98AB6 /* stand_3_1.png */ = {isa = PBXFileReference; lastKnownFileType = image.png; path = stand_3_1.png; sourceTree = "<group>"; };
		25B441B315D81FC300E98AB6 /* stand_3_2.png */ = {isa = PBXFileReference; lastKnownFileType = image.png; path = stand_3_2.png; sourceTree = "<group>"; };
		25B441B415D81FC300E98AB6 /* stand_3_3.png */ = {isa = PBXFileReference; lastKnownFileType = image.png; path = stand_3_3.png; sourceTree = "<group>"; };
		25B441B515D81FC300E98AB6 /* stand_3_4.png */ = {isa = PBXFileReference; lastKnownFileType = image.png; path = stand_3_4.png; sourceTree = "<group>"; };
		25B441B615D81FC300E98AB6 /* stand_3_5.png */ = {isa = PBXFileReference; lastKnownFileType = image.png; path = stand_3_5.png; sourceTree = "<group>"; };
		25B441B715D81FC300E98AB6 /* stand_4_0.png */ = {isa = PBXFileReference; lastKnownFileType = image.png; path = stand_4_0.png; sourceTree = "<group>"; };
		25B441B815D81FC300E98AB6 /* stand_4_1.png */ = {isa = PBXFileReference; lastKnownFileType = image.png; path = stand_4_1.png; sourceTree = "<group>"; };
		25B441B915D81FC300E98AB6 /* stand_4_2.png */ = {isa = PBXFileReference; lastKnownFileType = image.png; path = stand_4_2.png; sourceTree = "<group>"; };
		25B441BA15D81FC300E98AB6 /* stand_4_3.png */ = {isa = PBXFileReference; lastKnownFileType = image.png; path = stand_4_3.png; sourceTree = "<group>"; };
		25B441BB15D81FC300E98AB6 /* stand_4_4.png */ = {isa = PBXFileReference; lastKnownFileType = image.png; path = stand_4_4.png; sourceTree = "<group>"; };
		25B441BC15D81FC300E98AB6 /* stand_4_5.png */ = {isa = PBXFileReference; lastKnownFileType = image.png; path = stand_4_5.png; sourceTree = "<group>"; };
		25B441BD15D81FC300E98AB6 /* Thumbs.db */ = {isa = PBXFileReference; lastKnownFileType = file; path = Thumbs.db; sourceTree = "<group>"; };
		25B4423715D8274600E98AB6 /* Hero.h */ = {isa = PBXFileReference; fileEncoding = 4; lastKnownFileType = sourcecode.c.h; path = Hero.h; sourceTree = "<group>"; };
		25B4423815D8274700E98AB6 /* Hero.m */ = {isa = PBXFileReference; fileEncoding = 4; lastKnownFileType = sourcecode.c.objc; path = Hero.m; sourceTree = "<group>"; };
		288765FC0DF74451002DB57D /* CoreGraphics.framework */ = {isa = PBXFileReference; lastKnownFileType = wrapper.framework; name = CoreGraphics.framework; path = System/Library/Frameworks/CoreGraphics.framework; sourceTree = SDKROOT; };
		29B97316FDCFA39411CA2CEA /* main.m */ = {isa = PBXFileReference; fileEncoding = 4; lastKnownFileType = sourcecode.c.objc; path = main.m; sourceTree = "<group>"; };
		32CA4F630368D1EE00C91783 /* App-Prefix.pch */ = {isa = PBXFileReference; fileEncoding = 4; lastKnownFileType = sourcecode.c.h; path = "App-Prefix.pch"; sourceTree = "<group>"; };
		8D1107310486CEB800E47090 /* App-Info.plist */ = {isa = PBXFileReference; fileEncoding = 4; lastKnownFileType = text.plist.xml; path = "App-Info.plist"; plistStructureDefinitionIdentifier = "com.apple.xcode.plist.structure-definition.iphone.info-plist"; sourceTree = "<group>"; };
		DE1FBDFB14F831A300E86642 /* SPResizeEvent.h */ = {isa = PBXFileReference; fileEncoding = 4; lastKnownFileType = sourcecode.c.h; path = SPResizeEvent.h; sourceTree = "<group>"; };
		DE1FBDFC14F831A300E86642 /* SPResizeEvent.m */ = {isa = PBXFileReference; fileEncoding = 4; lastKnownFileType = sourcecode.c.objc; path = SPResizeEvent.m; sourceTree = "<group>"; };
		DE3F093711B7B9DC009D4DB0 /* AVFoundation.framework */ = {isa = PBXFileReference; lastKnownFileType = wrapper.framework; name = AVFoundation.framework; path = System/Library/Frameworks/AVFoundation.framework; sourceTree = SDKROOT; };
		DE3F093911B7B9DC009D4DB0 /* AudioToolbox.framework */ = {isa = PBXFileReference; lastKnownFileType = wrapper.framework; name = AudioToolbox.framework; path = System/Library/Frameworks/AudioToolbox.framework; sourceTree = SDKROOT; };
		DE3F097711B7BABD009D4DB0 /* OpenAL.framework */ = {isa = PBXFileReference; lastKnownFileType = wrapper.framework; name = OpenAL.framework; path = System/Library/Frameworks/OpenAL.framework; sourceTree = SDKROOT; };
		DE4A3D7910FFB08200FDA492 /* OpenGLES.framework */ = {isa = PBXFileReference; lastKnownFileType = wrapper.framework; name = OpenGLES.framework; path = System/Library/Frameworks/OpenGLES.framework; sourceTree = SDKROOT; };
		DE4A3D7E10FFB08B00FDA492 /* QuartzCore.framework */ = {isa = PBXFileReference; lastKnownFileType = wrapper.framework; name = QuartzCore.framework; path = System/Library/Frameworks/QuartzCore.framework; sourceTree = SDKROOT; };
		DE4A3DA210FFB0D400FDA492 /* Sparrow.xcodeproj */ = {isa = PBXFileReference; lastKnownFileType = "wrapper.pb-project"; path = Sparrow.xcodeproj; sourceTree = SPARROW_SRC; };
		DE4A3DE310FFB2AF00FDA492 /* Game.h */ = {isa = PBXFileReference; fileEncoding = 4; lastKnownFileType = sourcecode.c.h; path = Game.h; sourceTree = "<group>"; };
		DE4A3DE410FFB2AF00FDA492 /* Game.m */ = {isa = PBXFileReference; fileEncoding = 4; lastKnownFileType = sourcecode.c.objc; path = Game.m; sourceTree = "<group>"; };
		DE4F80C514E1481B00655D44 /* ViewController.h */ = {isa = PBXFileReference; fileEncoding = 4; lastKnownFileType = sourcecode.c.h; path = ViewController.h; sourceTree = "<group>"; };
		DE4F80C614E1481B00655D44 /* ViewController.m */ = {isa = PBXFileReference; fileEncoding = 4; lastKnownFileType = sourcecode.c.objc; path = ViewController.m; sourceTree = "<group>"; };
		DE4F80D414E153E600655D44 /* Media.h */ = {isa = PBXFileReference; fileEncoding = 4; lastKnownFileType = sourcecode.c.h; path = Media.h; sourceTree = "<group>"; };
		DE4F80D514E153E600655D44 /* Media.m */ = {isa = PBXFileReference; fileEncoding = 4; lastKnownFileType = sourcecode.c.objc; path = Media.m; sourceTree = "<group>"; };
		DE4F80DB14E1541400655D44 /* sound.caf */ = {isa = PBXFileReference; lastKnownFileType = file; path = sound.caf; sourceTree = "<group>"; };
		DE4F80DE14E1541400655D44 /* atlas.png */ = {isa = PBXFileReference; lastKnownFileType = image.png; path = atlas.png; sourceTree = "<group>"; };
		DE4F80DF14E1541400655D44 /* atlas.xml */ = {isa = PBXFileReference; fileEncoding = 4; lastKnownFileType = text.xml; path = atlas.xml; sourceTree = "<group>"; };
		DE4F80E014E1541400655D44 /* Default.png */ = {isa = PBXFileReference; lastKnownFileType = image.png; path = Default.png; sourceTree = "<group>"; };
		DE4F80E314E1541400655D44 /* atlas@2x.png */ = {isa = PBXFileReference; lastKnownFileType = image.png; path = "atlas@2x.png"; sourceTree = "<group>"; };
		DE4F80E414E1541400655D44 /* atlas@2x.xml */ = {isa = PBXFileReference; fileEncoding = 4; lastKnownFileType = text.xml; path = "atlas@2x.xml"; sourceTree = "<group>"; };
		DE4F80E514E1541400655D44 /* Default@2x.png */ = {isa = PBXFileReference; lastKnownFileType = image.png; path = "Default@2x.png"; sourceTree = "<group>"; };
		DE4F80F614E15D7200655D44 /* Icon.png */ = {isa = PBXFileReference; lastKnownFileType = image.png; path = Icon.png; sourceTree = "<group>"; };
		DE4F80F814E15D8A00655D44 /* Icon@2x.png */ = {isa = PBXFileReference; lastKnownFileType = image.png; path = "Icon@2x.png"; sourceTree = "<group>"; };
		DE5C4E6D138ED109004892CA /* libz.dylib */ = {isa = PBXFileReference; lastKnownFileType = "compiled.mach-o.dylib"; name = libz.dylib; path = usr/lib/libz.dylib; sourceTree = SDKROOT; };
		DE71B21914ED15EE00E37AE6 /* background@2x.jpg */ = {isa = PBXFileReference; lastKnownFileType = image.jpeg; path = "background@2x.jpg"; sourceTree = "<group>"; };
		DE71B21A14ED15EE00E37AE6 /* background@2x~ipad.jpg */ = {isa = PBXFileReference; lastKnownFileType = image.jpeg; path = "background@2x~ipad.jpg"; sourceTree = "<group>"; };
		DE71B21D14ED15F500E37AE6 /* background.jpg */ = {isa = PBXFileReference; lastKnownFileType = image.jpeg; path = background.jpg; sourceTree = "<group>"; };
		DE71B22114ED164600E37AE6 /* Default-Portrait~ipad.png */ = {isa = PBXFileReference; lastKnownFileType = image.png; path = "Default-Portrait~ipad.png"; sourceTree = "<group>"; };
		DE8055CA15065DED006A9426 /* Icon~ipad.png */ = {isa = PBXFileReference; lastKnownFileType = image.png; path = "Icon~ipad.png"; sourceTree = "<group>"; };
		DE88294F14ECF11F00773036 /* GameController.h */ = {isa = PBXFileReference; fileEncoding = 4; lastKnownFileType = sourcecode.c.h; path = GameController.h; sourceTree = "<group>"; };
		DE88295014ECF11F00773036 /* GameController.m */ = {isa = PBXFileReference; fileEncoding = 4; lastKnownFileType = sourcecode.c.objc; path = GameController.m; sourceTree = "<group>"; };
		DECF454614F2E527006A4287 /* SPOverlayView.h */ = {isa = PBXFileReference; fileEncoding = 4; lastKnownFileType = sourcecode.c.h; path = SPOverlayView.h; sourceTree = "<group>"; };
		DECF454714F2E527006A4287 /* SPOverlayView.m */ = {isa = PBXFileReference; fileEncoding = 4; lastKnownFileType = sourcecode.c.objc; path = SPOverlayView.m; sourceTree = "<group>"; };
/* End PBXFileReference section */

/* Begin PBXFrameworksBuildPhase section */
		1D60588F0D05DD3D006BFB54 /* Frameworks */ = {
			isa = PBXFrameworksBuildPhase;
			buildActionMask = 2147483647;
			files = (
				DE4A3DB910FFB0FE00FDA492 /* libSparrow.a in Frameworks */,
				DE5C4E6E138ED109004892CA /* libz.dylib in Frameworks */,
				1D60589F0D05DD5A006BFB54 /* Foundation.framework in Frameworks */,
				1DF5F4E00D08C38300B7A737 /* UIKit.framework in Frameworks */,
				288765FD0DF74451002DB57D /* CoreGraphics.framework in Frameworks */,
				DE4A3D7A10FFB08200FDA492 /* OpenGLES.framework in Frameworks */,
				DE4A3D7F10FFB08B00FDA492 /* QuartzCore.framework in Frameworks */,
				DE3F093811B7B9DC009D4DB0 /* AVFoundation.framework in Frameworks */,
				DE3F093A11B7B9DC009D4DB0 /* AudioToolbox.framework in Frameworks */,
				DE3F097811B7BABD009D4DB0 /* OpenAL.framework in Frameworks */,
			);
			runOnlyForDeploymentPostprocessing = 0;
		};
/* End PBXFrameworksBuildPhase section */

/* Begin PBXGroup section */
		080E96DDFE201D6D7F000001 /* Classes */ = {
			isa = PBXGroup;
			children = (
				DECF454314F2E45A006A4287 /* Support */,
				DE4F80D714E153EA00655D44 /* Game */,
				1D3623240D0F684500981E51 /* AppDelegate.h */,
				1D3623250D0F684500981E51 /* AppDelegate.m */,
				DE4F80C514E1481B00655D44 /* ViewController.h */,
				DE4F80C614E1481B00655D44 /* ViewController.m */,
			);
			path = Classes;
			sourceTree = "<group>";
		};
		19C28FACFE9D520D11CA2CBB /* Products */ = {
			isa = PBXGroup;
			children = (
				1D6058910D05DD3D006BFB54 /* Adam.app */,
			);
			name = Products;
			sourceTree = "<group>";
		};
		25B4414015D81FC200E98AB6 /* panda */ = {
			isa = PBXGroup;
			children = (
				25B4414115D81FC300E98AB6 /* attack */,
				25B4416A15D81FC300E98AB6 /* magic */,
				25B4417515D81FC300E98AB6 /* run */,
				25B4419E15D81FC300E98AB6 /* stand */,
				25B441BD15D81FC300E98AB6 /* Thumbs.db */,
			);
			path = panda;
			sourceTree = "<group>";
		};
		25B4414115D81FC300E98AB6 /* attack */ = {
			isa = PBXGroup;
			children = (
				25B4414215D81FC300E98AB6 /* image (100).png */,
				25B4414315D81FC300E98AB6 /* image (101).png */,
				25B4414415D81FC300E98AB6 /* image (102).png */,
				25B4414515D81FC300E98AB6 /* image (103).png */,
				25B4414615D81FC300E98AB6 /* image (104).png */,
				25B4414715D81FC300E98AB6 /* image (105).png */,
				25B4414815D81FC300E98AB6 /* image (106).png */,
				25B4414915D81FC300E98AB6 /* image (107).png */,
				25B4414A15D81FC300E98AB6 /* image (108).png */,
				25B4414B15D81FC300E98AB6 /* image (109).png */,
				25B4414C15D81FC300E98AB6 /* image (70).png */,
				25B4414D15D81FC300E98AB6 /* image (71).png */,
				25B4414E15D81FC300E98AB6 /* image (72).png */,
				25B4414F15D81FC300E98AB6 /* image (73).png */,
				25B4415015D81FC300E98AB6 /* image (74).png */,
				25B4415115D81FC300E98AB6 /* image (75).png */,
				25B4415215D81FC300E98AB6 /* image (76).png */,
				25B4415315D81FC300E98AB6 /* image (77).png */,
				25B4415415D81FC300E98AB6 /* image (78).png */,
				25B4415515D81FC300E98AB6 /* image (79).png */,
				25B4415615D81FC300E98AB6 /* image (80).png */,
				25B4415715D81FC300E98AB6 /* image (81).png */,
				25B4415815D81FC300E98AB6 /* image (82).png */,
				25B4415915D81FC300E98AB6 /* image (83).png */,
				25B4415A15D81FC300E98AB6 /* image (84).png */,
				25B4415B15D81FC300E98AB6 /* image (85).png */,
				25B4415C15D81FC300E98AB6 /* image (86).png */,
				25B4415D15D81FC300E98AB6 /* image (87).png */,
				25B4415E15D81FC300E98AB6 /* image (88).png */,
				25B4415F15D81FC300E98AB6 /* image (89).png */,
				25B4416015D81FC300E98AB6 /* image (90).png */,
				25B4416115D81FC300E98AB6 /* image (91).png */,
				25B4416215D81FC300E98AB6 /* image (92).png */,
				25B4416315D81FC300E98AB6 /* image (93).png */,
				25B4416415D81FC300E98AB6 /* image (94).png */,
				25B4416515D81FC300E98AB6 /* image (95).png */,
				25B4416615D81FC300E98AB6 /* image (96).png */,
				25B4416715D81FC300E98AB6 /* image (97).png */,
				25B4416815D81FC300E98AB6 /* image (98).png */,
				25B4416915D81FC300E98AB6 /* image (99).png */,
			);
			path = attack;
			sourceTree = "<group>";
		};
		25B4416A15D81FC300E98AB6 /* magic */ = {
			isa = PBXGroup;
			children = (
				25B4416B15D81FC300E98AB6 /* image (110).png */,
				25B4416C15D81FC300E98AB6 /* image (111).png */,
				25B4416D15D81FC300E98AB6 /* image (112).png */,
				25B4416E15D81FC300E98AB6 /* image (113).png */,
				25B4416F15D81FC300E98AB6 /* image (114).png */,
				25B4417015D81FC300E98AB6 /* image (115).png */,
				25B4417115D81FC300E98AB6 /* image (116).png */,
				25B4417215D81FC300E98AB6 /* image (117).png */,
				25B4417315D81FC300E98AB6 /* image (118).png */,
				25B4417415D81FC300E98AB6 /* image (119).png */,
			);
			path = magic;
			sourceTree = "<group>";
		};
		25B4417515D81FC300E98AB6 /* run */ = {
			isa = PBXGroup;
			children = (
				25B4417615D81FC300E98AB6 /* image (30).png */,
				25B4417715D81FC300E98AB6 /* image (31).png */,
				25B4417815D81FC300E98AB6 /* image (32).png */,
				25B4417915D81FC300E98AB6 /* image (33).png */,
				25B4417A15D81FC300E98AB6 /* image (34).png */,
				25B4417B15D81FC300E98AB6 /* image (35).png */,
				25B4417C15D81FC300E98AB6 /* image (36).png */,
				25B4417D15D81FC300E98AB6 /* image (37).png */,
				25B4417E15D81FC300E98AB6 /* image (38).png */,
				25B4417F15D81FC300E98AB6 /* image (39).png */,
				25B4418015D81FC300E98AB6 /* image (40).png */,
				25B4418115D81FC300E98AB6 /* image (41).png */,
				25B4418215D81FC300E98AB6 /* image (42).png */,
				25B4418315D81FC300E98AB6 /* image (43).png */,
				25B4418415D81FC300E98AB6 /* image (44).png */,
				25B4418515D81FC300E98AB6 /* image (45).png */,
				25B4418615D81FC300E98AB6 /* image (46).png */,
				25B4418715D81FC300E98AB6 /* image (47).png */,
				25B4418815D81FC300E98AB6 /* image (48).png */,
				25B4418915D81FC300E98AB6 /* image (49).png */,
				25B4418A15D81FC300E98AB6 /* image (50).png */,
				25B4418B15D81FC300E98AB6 /* image (51).png */,
				25B4418C15D81FC300E98AB6 /* image (52).png */,
				25B4418D15D81FC300E98AB6 /* image (53).png */,
				25B4418E15D81FC300E98AB6 /* image (54).png */,
				25B4418F15D81FC300E98AB6 /* image (55).png */,
				25B4419015D81FC300E98AB6 /* image (56).png */,
				25B4419115D81FC300E98AB6 /* image (57).png */,
				25B4419215D81FC300E98AB6 /* image (58).png */,
				25B4419315D81FC300E98AB6 /* image (59).png */,
				25B4419415D81FC300E98AB6 /* image (60).png */,
				25B4419515D81FC300E98AB6 /* image (61).png */,
				25B4419615D81FC300E98AB6 /* image (62).png */,
				25B4419715D81FC300E98AB6 /* image (63).png */,
				25B4419815D81FC300E98AB6 /* image (64).png */,
				25B4419915D81FC300E98AB6 /* image (65).png */,
				25B4419A15D81FC300E98AB6 /* image (66).png */,
				25B4419B15D81FC300E98AB6 /* image (67).png */,
				25B4419C15D81FC300E98AB6 /* image (68).png */,
				25B4419D15D81FC300E98AB6 /* image (69).png */,
			);
			path = run;
			sourceTree = "<group>";
		};
		25B4419E15D81FC300E98AB6 /* stand */ = {
			isa = PBXGroup;
			children = (
				25B4419F15D81FC300E98AB6 /* stand_0_0.png */,
				25B441A015D81FC300E98AB6 /* stand_0_1.png */,
				25B441A115D81FC300E98AB6 /* stand_0_2.png */,
				25B441A215D81FC300E98AB6 /* stand_0_3.png */,
				25B441A315D81FC300E98AB6 /* stand_0_4.png */,
				25B441A415D81FC300E98AB6 /* stand_0_5.png */,
				25B441A515D81FC300E98AB6 /* stand_1_0.png */,
				25B441A615D81FC300E98AB6 /* stand_1_1.png */,
				25B441A715D81FC300E98AB6 /* stand_1_2.png */,
				25B441A815D81FC300E98AB6 /* stand_1_3.png */,
				25B441A915D81FC300E98AB6 /* stand_1_4.png */,
				25B441AA15D81FC300E98AB6 /* stand_1_5.png */,
				25B441AB15D81FC300E98AB6 /* stand_2_0.png */,
				25B441AC15D81FC300E98AB6 /* stand_2_1.png */,
				25B441AD15D81FC300E98AB6 /* stand_2_2.png */,
				25B441AE15D81FC300E98AB6 /* stand_2_3.png */,
				25B441AF15D81FC300E98AB6 /* stand_2_4.png */,
				25B441B015D81FC300E98AB6 /* stand_2_5.png */,
				25B441B115D81FC300E98AB6 /* stand_3_0.png */,
				25B441B215D81FC300E98AB6 /* stand_3_1.png */,
				25B441B315D81FC300E98AB6 /* stand_3_2.png */,
				25B441B415D81FC300E98AB6 /* stand_3_3.png */,
				25B441B515D81FC300E98AB6 /* stand_3_4.png */,
				25B441B615D81FC300E98AB6 /* stand_3_5.png */,
				25B441B715D81FC300E98AB6 /* stand_4_0.png */,
				25B441B815D81FC300E98AB6 /* stand_4_1.png */,
				25B441B915D81FC300E98AB6 /* stand_4_2.png */,
				25B441BA15D81FC300E98AB6 /* stand_4_3.png */,
				25B441BB15D81FC300E98AB6 /* stand_4_4.png */,
				25B441BC15D81FC300E98AB6 /* stand_4_5.png */,
			);
			path = stand;
			sourceTree = "<group>";
		};
		29B97314FDCFA39411CA2CEA /* CustomTemplate */ = {
			isa = PBXGroup;
			children = (
				DE4A3DA210FFB0D400FDA492 /* Sparrow.xcodeproj */,
				080E96DDFE201D6D7F000001 /* Classes */,
				29B97315FDCFA39411CA2CEA /* Other Sources */,
				29B97317FDCFA39411CA2CEA /* Resources */,
				29B97323FDCFA39411CA2CEA /* Frameworks */,
				19C28FACFE9D520D11CA2CBB /* Products */,
			);
			name = CustomTemplate;
			sourceTree = "<group>";
		};
		29B97315FDCFA39411CA2CEA /* Other Sources */ = {
			isa = PBXGroup;
			children = (
				32CA4F630368D1EE00C91783 /* App-Prefix.pch */,
				8D1107310486CEB800E47090 /* App-Info.plist */,
				29B97316FDCFA39411CA2CEA /* main.m */,
			);
			name = "Other Sources";
			sourceTree = "<group>";
		};
		29B97317FDCFA39411CA2CEA /* Resources */ = {
			isa = PBXGroup;
			children = (
				DE4F80D914E1541400655D44 /* audio */,
				DE4F80DC14E1541400655D44 /* graphics */,
			);
			name = Resources;
			sourceTree = "<group>";
		};
		29B97323FDCFA39411CA2CEA /* Frameworks */ = {
			isa = PBXGroup;
			children = (
				DE5C4E6D138ED109004892CA /* libz.dylib */,
				DE3F093711B7B9DC009D4DB0 /* AVFoundation.framework */,
				DE3F093911B7B9DC009D4DB0 /* AudioToolbox.framework */,
				DE3F097711B7BABD009D4DB0 /* OpenAL.framework */,
				DE4A3D7E10FFB08B00FDA492 /* QuartzCore.framework */,
				DE4A3D7910FFB08200FDA492 /* OpenGLES.framework */,
				1DF5F4DF0D08C38300B7A737 /* UIKit.framework */,
				1D30AB110D05D00D00671497 /* Foundation.framework */,
				288765FC0DF74451002DB57D /* CoreGraphics.framework */,
			);
			name = Frameworks;
			sourceTree = "<group>";
		};
		DE4A3DAB10FFB0DB00FDA492 /* Products */ = {
			isa = PBXGroup;
			children = (
				DE4A3DB010FFB0DB00FDA492 /* libSparrow.a */,
				DE4A3DB210FFB0DB00FDA492 /* UnitTest.octest */,
			);
			name = Products;
			sourceTree = "<group>";
		};
		DE4F80D714E153EA00655D44 /* Game */ = {
			isa = PBXGroup;
			children = (
				DE88294F14ECF11F00773036 /* GameController.h */,
				DE88295014ECF11F00773036 /* GameController.m */,
				DE4A3DE310FFB2AF00FDA492 /* Game.h */,
				DE4A3DE410FFB2AF00FDA492 /* Game.m */,
				DE4F80D414E153E600655D44 /* Media.h */,
				DE4F80D514E153E600655D44 /* Media.m */,
				25B3DD6515D1859D000CE459 /* Umbrella.h */,
				25B3DD6615D1859D000CE459 /* Umbrella.m */,
				25B4423715D8274600E98AB6 /* Hero.h */,
				25B4423815D8274700E98AB6 /* Hero.m */,
			);
			name = Game;
			sourceTree = "<group>";
		};
		DE4F80D914E1541400655D44 /* audio */ = {
			isa = PBXGroup;
			children = (
				DE4F80DB14E1541400655D44 /* sound.caf */,
			);
			name = audio;
			path = ../media/audio;
			sourceTree = "<group>";
		};
		DE4F80DC14E1541400655D44 /* graphics */ = {
			isa = PBXGroup;
			children = (
				DE4F80DD14E1541400655D44 /* 1x */,
				DE4F80E214E1541400655D44 /* 2x */,
			);
			name = graphics;
			path = ../media/graphics;
			sourceTree = "<group>";
		};
		DE4F80DD14E1541400655D44 /* 1x */ = {
			isa = PBXGroup;
			children = (
				25B4414015D81FC200E98AB6 /* panda */,
				DE4F80DE14E1541400655D44 /* atlas.png */,
				25B3DD5D15D17C44000CE459 /* red_umbrella.png */,
				25B3DD5E15D17C44000CE459 /* green_umbrella.png */,
				25B3DD5F15D17C44000CE459 /* pink_umbrella.png */,
				25B3DD6015D17C44000CE459 /* gray_umbrella.png */,
				25B3DD5B15D17C1A000CE459 /* blue_umbrella.png */,
				25B4404315D7CBC600E98AB6 /* player_body.png */,
				25B4404415D7CBC600E98AB6 /* player_leg1.png */,
				25B4404515D7CBC600E98AB6 /* player_leg2.png */,
				25B4404615D7CBC600E98AB6 /* player_umbrella1.png */,
				25B4404715D7CBC600E98AB6 /* player_umbrella2.png */,
				25B41B0A15CEE02500CB028F /* background2.png */,
				DE4F80DF14E1541400655D44 /* atlas.xml */,
				25B41B0E15CEE09700CB028F /* background3.png */,
				25B41B0615CEDEE000CB028F /* background1.png */,
				DE71B21D14ED15F500E37AE6 /* background.jpg */,
				DE71B22114ED164600E37AE6 /* Default-Portrait~ipad.png */,
				DE4F80E014E1541400655D44 /* Default.png */,
				DE4F80F614E15D7200655D44 /* Icon.png */,
				DE8055CA15065DED006A9426 /* Icon~ipad.png */,
			);
			path = 1x;
			sourceTree = "<group>";
		};
		DE4F80E214E1541400655D44 /* 2x */ = {
			isa = PBXGroup;
			children = (
				25B41B0815CEDEEB00CB028F /* background1@2x.png */,
				DE4F80E314E1541400655D44 /* atlas@2x.png */,
				25B41B1015CEE0A000CB028F /* background3@2x.png */,
				25B41B0C15CEE03600CB028F /* background2@2x.png */,
				DE4F80E414E1541400655D44 /* atlas@2x.xml */,
				DE71B21914ED15EE00E37AE6 /* background@2x.jpg */,
				DE71B21A14ED15EE00E37AE6 /* background@2x~ipad.jpg */,
				DE4F80E514E1541400655D44 /* Default@2x.png */,
				DE4F80F814E15D8A00655D44 /* Icon@2x.png */,
			);
			path = 2x;
			sourceTree = "<group>";
		};
		DECF454314F2E45A006A4287 /* Support */ = {
			isa = PBXGroup;
			children = (
				DECF454614F2E527006A4287 /* SPOverlayView.h */,
				DECF454714F2E527006A4287 /* SPOverlayView.m */,
				DE1FBDFB14F831A300E86642 /* SPResizeEvent.h */,
				DE1FBDFC14F831A300E86642 /* SPResizeEvent.m */,
			);
			name = Support;
			sourceTree = "<group>";
		};
/* End PBXGroup section */

/* Begin PBXNativeTarget section */
		1D6058900D05DD3D006BFB54 /* Adam */ = {
			isa = PBXNativeTarget;
			buildConfigurationList = 1D6058960D05DD3E006BFB54 /* Build configuration list for PBXNativeTarget "Adam" */;
			buildPhases = (
				1D60588D0D05DD3D006BFB54 /* Resources */,
				1D60588E0D05DD3D006BFB54 /* Sources */,
				1D60588F0D05DD3D006BFB54 /* Frameworks */,
			);
			buildRules = (
			);
			dependencies = (
				DE4A3DB810FFB0F500FDA492 /* PBXTargetDependency */,
			);
			name = Adam;
			productName = AppScaffold;
			productReference = 1D6058910D05DD3D006BFB54 /* Adam.app */;
			productType = "com.apple.product-type.application";
		};
/* End PBXNativeTarget section */

/* Begin PBXProject section */
		29B97313FDCFA39411CA2CEA /* Project object */ = {
			isa = PBXProject;
			attributes = {
				LastUpgradeCheck = 0430;
			};
			buildConfigurationList = C01FCF4E08A954540054247B /* Build configuration list for PBXProject "Adam" */;
			compatibilityVersion = "Xcode 3.2";
			developmentRegion = English;
			hasScannedForEncodings = 1;
			knownRegions = (
				English,
				Japanese,
				French,
				German,
			);
			mainGroup = 29B97314FDCFA39411CA2CEA /* CustomTemplate */;
			projectDirPath = "";
			projectReferences = (
				{
					ProductGroup = DE4A3DAB10FFB0DB00FDA492 /* Products */;
					ProjectRef = DE4A3DA210FFB0D400FDA492 /* Sparrow.xcodeproj */;
				},
			);
			projectRoot = "";
			targets = (
				1D6058900D05DD3D006BFB54 /* Adam */,
			);
		};
/* End PBXProject section */

/* Begin PBXReferenceProxy section */
		DE4A3DB010FFB0DB00FDA492 /* libSparrow.a */ = {
			isa = PBXReferenceProxy;
			fileType = archive.ar;
			path = libSparrow.a;
			remoteRef = DE4A3DAF10FFB0DB00FDA492 /* PBXContainerItemProxy */;
			sourceTree = BUILT_PRODUCTS_DIR;
		};
		DE4A3DB210FFB0DB00FDA492 /* UnitTest.octest */ = {
			isa = PBXReferenceProxy;
			fileType = wrapper.cfbundle;
			path = UnitTest.octest;
			remoteRef = DE4A3DB110FFB0DB00FDA492 /* PBXContainerItemProxy */;
			sourceTree = BUILT_PRODUCTS_DIR;
		};
/* End PBXReferenceProxy section */

/* Begin PBXResourcesBuildPhase section */
		1D60588D0D05DD3D006BFB54 /* Resources */ = {
			isa = PBXResourcesBuildPhase;
			buildActionMask = 2147483647;
			files = (
				DE4F80E814E1541400655D44 /* sound.caf in Resources */,
				DE4F80E914E1541400655D44 /* atlas.png in Resources */,
				DE4F80EA14E1541400655D44 /* atlas.xml in Resources */,
				DE4F80EB14E1541400655D44 /* Default.png in Resources */,
				DE4F80ED14E1541400655D44 /* atlas@2x.png in Resources */,
				DE4F80EE14E1541400655D44 /* atlas@2x.xml in Resources */,
				DE4F80EF14E1541400655D44 /* Default@2x.png in Resources */,
				DE4F80F714E15D7200655D44 /* Icon.png in Resources */,
				DE4F80F914E15D8A00655D44 /* Icon@2x.png in Resources */,
				DE71B21B14ED15EE00E37AE6 /* background@2x.jpg in Resources */,
				DE71B21C14ED15EE00E37AE6 /* background@2x~ipad.jpg in Resources */,
				DE71B21E14ED15F500E37AE6 /* background.jpg in Resources */,
				DE71B22214ED164600E37AE6 /* Default-Portrait~ipad.png in Resources */,
				DE8055CB15065DED006A9426 /* Icon~ipad.png in Resources */,
				25B41B0715CEDEE100CB028F /* background1.png in Resources */,
				25B41B0915CEDEEB00CB028F /* background1@2x.png in Resources */,
				25B41B0B15CEE02500CB028F /* background2.png in Resources */,
				25B41B0D15CEE03600CB028F /* background2@2x.png in Resources */,
				25B41B0F15CEE09700CB028F /* background3.png in Resources */,
				25B41B1115CEE0A000CB028F /* background3@2x.png in Resources */,
				25B3DD5C15D17C1A000CE459 /* blue_umbrella.png in Resources */,
				25B3DD6115D17C44000CE459 /* red_umbrella.png in Resources */,
				25B3DD6215D17C44000CE459 /* green_umbrella.png in Resources */,
				25B3DD6315D17C44000CE459 /* pink_umbrella.png in Resources */,
				25B3DD6415D17C44000CE459 /* gray_umbrella.png in Resources */,
				25B4404815D7CBC600E98AB6 /* player_body.png in Resources */,
				25B4404915D7CBC600E98AB6 /* player_leg1.png in Resources */,
				25B4404A15D7CBC600E98AB6 /* player_leg2.png in Resources */,
				25B4404B15D7CBC600E98AB6 /* player_umbrella1.png in Resources */,
				25B4404C15D7CBC600E98AB6 /* player_umbrella2.png in Resources */,
				25B441BE15D81FC300E98AB6 /* image (100).png in Resources */,
				25B441BF15D81FC300E98AB6 /* image (101).png in Resources */,
				25B441C015D81FC300E98AB6 /* image (102).png in Resources */,
				25B441C115D81FC300E98AB6 /* image (103).png in Resources */,
				25B441C215D81FC300E98AB6 /* image (104).png in Resources */,
				25B441C315D81FC300E98AB6 /* image (105).png in Resources */,
				25B441C415D81FC300E98AB6 /* image (106).png in Resources */,
				25B441C515D81FC300E98AB6 /* image (107).png in Resources */,
				25B441C615D81FC300E98AB6 /* image (108).png in Resources */,
				25B441C715D81FC300E98AB6 /* image (109).png in Resources */,
				25B441C815D81FC300E98AB6 /* image (70).png in Resources */,
				25B441C915D81FC300E98AB6 /* image (71).png in Resources */,
				25B441CA15D81FC300E98AB6 /* image (72).png in Resources */,
				25B441CB15D81FC300E98AB6 /* image (73).png in Resources */,
				25B441CC15D81FC300E98AB6 /* image (74).png in Resources */,
				25B441CD15D81FC300E98AB6 /* image (75).png in Resources */,
				25B441CE15D81FC300E98AB6 /* image (76).png in Resources */,
				25B441CF15D81FC300E98AB6 /* image (77).png in Resources */,
				25B441D015D81FC300E98AB6 /* image (78).png in Resources */,
				25B441D115D81FC300E98AB6 /* image (79).png in Resources */,
				25B441D215D81FC300E98AB6 /* image (80).png in Resources */,
				25B441D315D81FC300E98AB6 /* image (81).png in Resources */,
				25B441D415D81FC300E98AB6 /* image (82).png in Resources */,
				25B441D515D81FC300E98AB6 /* image (83).png in Resources */,
				25B441D615D81FC300E98AB6 /* image (84).png in Resources */,
				25B441D715D81FC300E98AB6 /* image (85).png in Resources */,
				25B441D815D81FC300E98AB6 /* image (86).png in Resources */,
				25B441D915D81FC300E98AB6 /* image (87).png in Resources */,
				25B441DA15D81FC300E98AB6 /* image (88).png in Resources */,
				25B441DB15D81FC300E98AB6 /* image (89).png in Resources */,
				25B441DC15D81FC300E98AB6 /* image (90).png in Resources */,
				25B441DD15D81FC300E98AB6 /* image (91).png in Resources */,
				25B441DE15D81FC300E98AB6 /* image (92).png in Resources */,
				25B441DF15D81FC300E98AB6 /* image (93).png in Resources */,
				25B441E015D81FC300E98AB6 /* image (94).png in Resources */,
				25B441E115D81FC300E98AB6 /* image (95).png in Resources */,
				25B441E215D81FC300E98AB6 /* image (96).png in Resources */,
				25B441E315D81FC300E98AB6 /* image (97).png in Resources */,
				25B441E415D81FC300E98AB6 /* image (98).png in Resources */,
				25B441E515D81FC300E98AB6 /* image (99).png in Resources */,
				25B441E615D81FC300E98AB6 /* image (110).png in Resources */,
				25B441E715D81FC300E98AB6 /* image (111).png in Resources */,
				25B441E815D81FC300E98AB6 /* image (112).png in Resources */,
				25B441E915D81FC300E98AB6 /* image (113).png in Resources */,
				25B441EA15D81FC300E98AB6 /* image (114).png in Resources */,
				25B441EB15D81FC300E98AB6 /* image (115).png in Resources */,
				25B441EC15D81FC300E98AB6 /* image (116).png in Resources */,
				25B441ED15D81FC300E98AB6 /* image (117).png in Resources */,
				25B441EE15D81FC300E98AB6 /* image (118).png in Resources */,
				25B441EF15D81FC300E98AB6 /* image (119).png in Resources */,
				25B441F015D81FC300E98AB6 /* image (30).png in Resources */,
				25B441F115D81FC300E98AB6 /* image (31).png in Resources */,
				25B441F215D81FC300E98AB6 /* image (32).png in Resources */,
				25B441F315D81FC300E98AB6 /* image (33).png in Resources */,
				25B441F415D81FC300E98AB6 /* image (34).png in Resources */,
				25B441F515D81FC300E98AB6 /* image (35).png in Resources */,
				25B441F615D81FC300E98AB6 /* image (36).png in Resources */,
				25B441F715D81FC300E98AB6 /* image (37).png in Resources */,
				25B441F815D81FC300E98AB6 /* image (38).png in Resources */,
				25B441F915D81FC300E98AB6 /* image (39).png in Resources */,
				25B441FA15D81FC300E98AB6 /* image (40).png in Resources */,
				25B441FB15D81FC300E98AB6 /* image (41).png in Resources */,
				25B441FC15D81FC300E98AB6 /* image (42).png in Resources */,
				25B441FD15D81FC300E98AB6 /* image (43).png in Resources */,
				25B441FE15D81FC300E98AB6 /* image (44).png in Resources */,
				25B441FF15D81FC300E98AB6 /* image (45).png in Resources */,
				25B4420015D81FC300E98AB6 /* image (46).png in Resources */,
				25B4420115D81FC300E98AB6 /* image (47).png in Resources */,
				25B4420215D81FC300E98AB6 /* image (48).png in Resources */,
				25B4420315D81FC300E98AB6 /* image (49).png in Resources */,
				25B4420415D81FC300E98AB6 /* image (50).png in Resources */,
				25B4420515D81FC300E98AB6 /* image (51).png in Resources */,
				25B4420615D81FC300E98AB6 /* image (52).png in Resources */,
				25B4420715D81FC300E98AB6 /* image (53).png in Resources */,
				25B4420815D81FC300E98AB6 /* image (54).png in Resources */,
				25B4420915D81FC300E98AB6 /* image (55).png in Resources */,
				25B4420A15D81FC300E98AB6 /* image (56).png in Resources */,
				25B4420B15D81FC300E98AB6 /* image (57).png in Resources */,
				25B4420C15D81FC300E98AB6 /* image (58).png in Resources */,
				25B4420D15D81FC300E98AB6 /* image (59).png in Resources */,
				25B4420E15D81FC300E98AB6 /* image (60).png in Resources */,
				25B4420F15D81FC300E98AB6 /* image (61).png in Resources */,
				25B4421015D81FC300E98AB6 /* image (62).png in Resources */,
				25B4421115D81FC300E98AB6 /* image (63).png in Resources */,
				25B4421215D81FC300E98AB6 /* image (64).png in Resources */,
				25B4421315D81FC300E98AB6 /* image (65).png in Resources */,
				25B4421415D81FC300E98AB6 /* image (66).png in Resources */,
				25B4421515D81FC300E98AB6 /* image (67).png in Resources */,
				25B4421615D81FC300E98AB6 /* image (68).png in Resources */,
				25B4421715D81FC300E98AB6 /* image (69).png in Resources */,
				25B4421815D81FC300E98AB6 /* stand_0_0.png in Resources */,
				25B4421915D81FC300E98AB6 /* stand_0_1.png in Resources */,
				25B4421A15D81FC300E98AB6 /* stand_0_2.png in Resources */,
				25B4421B15D81FC300E98AB6 /* stand_0_3.png in Resources */,
				25B4421C15D81FC300E98AB6 /* stand_0_4.png in Resources */,
				25B4421D15D81FC300E98AB6 /* stand_0_5.png in Resources */,
				25B4421E15D81FC300E98AB6 /* stand_1_0.png in Resources */,
				25B4421F15D81FC300E98AB6 /* stand_1_1.png in Resources */,
				25B4422015D81FC300E98AB6 /* stand_1_2.png in Resources */,
				25B4422115D81FC300E98AB6 /* stand_1_3.png in Resources */,
				25B4422215D81FC300E98AB6 /* stand_1_4.png in Resources */,
				25B4422315D81FC300E98AB6 /* stand_1_5.png in Resources */,
				25B4422415D81FC300E98AB6 /* stand_2_0.png in Resources */,
				25B4422515D81FC300E98AB6 /* stand_2_1.png in Resources */,
				25B4422615D81FC300E98AB6 /* stand_2_2.png in Resources */,
				25B4422715D81FC300E98AB6 /* stand_2_3.png in Resources */,
				25B4422815D81FC300E98AB6 /* stand_2_4.png in Resources */,
				25B4422915D81FC300E98AB6 /* stand_2_5.png in Resources */,
				25B4422A15D81FC300E98AB6 /* stand_3_0.png in Resources */,
				25B4422B15D81FC300E98AB6 /* stand_3_1.png in Resources */,
				25B4422C15D81FC300E98AB6 /* stand_3_2.png in Resources */,
				25B4422D15D81FC300E98AB6 /* stand_3_3.png in Resources */,
				25B4422E15D81FC300E98AB6 /* stand_3_4.png in Resources */,
				25B4422F15D81FC300E98AB6 /* stand_3_5.png in Resources */,
				25B4423015D81FC300E98AB6 /* stand_4_0.png in Resources */,
				25B4423115D81FC300E98AB6 /* stand_4_1.png in Resources */,
				25B4423215D81FC300E98AB6 /* stand_4_2.png in Resources */,
				25B4423315D81FC300E98AB6 /* stand_4_3.png in Resources */,
				25B4423415D81FC300E98AB6 /* stand_4_4.png in Resources */,
				25B4423515D81FC300E98AB6 /* stand_4_5.png in Resources */,
				25B4423615D81FC300E98AB6 /* Thumbs.db in Resources */,
			);
			runOnlyForDeploymentPostprocessing = 0;
		};
/* End PBXResourcesBuildPhase section */

/* Begin PBXSourcesBuildPhase section */
		1D60588E0D05DD3D006BFB54 /* Sources */ = {
			isa = PBXSourcesBuildPhase;
			buildActionMask = 2147483647;
			files = (
				1D60589B0D05DD56006BFB54 /* main.m in Sources */,
				1D3623260D0F684500981E51 /* AppDelegate.m in Sources */,
				DE4A3DE510FFB2AF00FDA492 /* Game.m in Sources */,
				DE4F80C714E1481C00655D44 /* ViewController.m in Sources */,
				DE4F80D614E153E600655D44 /* Media.m in Sources */,
				DE88295114ECF12000773036 /* GameController.m in Sources */,
				DECF454814F2E527006A4287 /* SPOverlayView.m in Sources */,
				DE1FBDFD14F831A300E86642 /* SPResizeEvent.m in Sources */,
				25B3DD6715D1859D000CE459 /* Umbrella.m in Sources */,
				25B4423915D8274800E98AB6 /* Hero.m in Sources */,
			);
			runOnlyForDeploymentPostprocessing = 0;
		};
/* End PBXSourcesBuildPhase section */

/* Begin PBXTargetDependency section */
		DE4A3DB810FFB0F500FDA492 /* PBXTargetDependency */ = {
			isa = PBXTargetDependency;
			name = Sparrow;
			targetProxy = DE4A3DB710FFB0F500FDA492 /* PBXContainerItemProxy */;
		};
/* End PBXTargetDependency section */

/* Begin XCBuildConfiguration section */
		1D6058940D05DD3E006BFB54 /* Debug */ = {
			isa = XCBuildConfiguration;
			buildSettings = {
				COPY_PHASE_STRIP = NO;
				GCC_DYNAMIC_NO_PIC = NO;
				GCC_OPTIMIZATION_LEVEL = 0;
				GCC_PRECOMPILE_PREFIX_HEADER = YES;
				GCC_PREFIX_HEADER = "App-Prefix.pch";
				GCC_VERSION = com.apple.compilers.llvm.clang.1_0;
				INFOPLIST_FILE = "App-Info.plist";
				PRODUCT_NAME = Adam;
				TARGETED_DEVICE_FAMILY = "1,2";
			};
			name = Debug;
		};
		1D6058950D05DD3E006BFB54 /* Release */ = {
			isa = XCBuildConfiguration;
			buildSettings = {
				COPY_PHASE_STRIP = YES;
				GCC_PRECOMPILE_PREFIX_HEADER = YES;
				GCC_PREFIX_HEADER = "App-Prefix.pch";
				GCC_VERSION = com.apple.compilers.llvm.clang.1_0;
				INFOPLIST_FILE = "App-Info.plist";
				PRODUCT_NAME = Adam;
				TARGETED_DEVICE_FAMILY = "1,2";
			};
			name = Release;
		};
		C01FCF4F08A954540054247B /* Debug */ = {
			isa = XCBuildConfiguration;
			buildSettings = {
				ARCHS = (
					armv6,
					armv7,
				);
				CODE_SIGN_IDENTITY = "iPhone Developer";
				"CODE_SIGN_IDENTITY[sdk=iphoneos*]" = "iPhone Developer";
				GCC_C_LANGUAGE_STANDARD = c99;
				GCC_THUMB_SUPPORT = NO;
				GCC_WARN_ABOUT_RETURN_TYPE = YES;
				GCC_WARN_UNUSED_VARIABLE = YES;
				OTHER_LDFLAGS = (
					"-ObjC",
					"-all_load",
				);
				PROVISIONING_PROFILE = "";
				SDKROOT = iphoneos;
				USER_HEADER_SEARCH_PATHS = "${SPARROW_SRC}/**";
			};
			name = Debug;
		};
		C01FCF5008A954540054247B /* Release */ = {
			isa = XCBuildConfiguration;
			buildSettings = {
				ARCHS = (
					armv6,
					armv7,
				);
				CODE_SIGN_IDENTITY = "iPhone Developer";
				"CODE_SIGN_IDENTITY[sdk=iphoneos*]" = "iPhone Developer";
				GCC_C_LANGUAGE_STANDARD = c99;
				GCC_THUMB_SUPPORT = NO;
				GCC_WARN_ABOUT_RETURN_TYPE = YES;
				GCC_WARN_UNUSED_VARIABLE = YES;
				OTHER_LDFLAGS = (
					"-ObjC",
					"-all_load",
				);
				PROVISIONING_PROFILE = "";
				SDKROOT = iphoneos;
				USER_HEADER_SEARCH_PATHS = "${SPARROW_SRC}/**";
			};
			name = Release;
		};
/* End XCBuildConfiguration section */

/* Begin XCConfigurationList section */
		1D6058960D05DD3E006BFB54 /* Build configuration list for PBXNativeTarget "Adam" */ = {
			isa = XCConfigurationList;
			buildConfigurations = (
				1D6058940D05DD3E006BFB54 /* Debug */,
				1D6058950D05DD3E006BFB54 /* Release */,
			);
			defaultConfigurationIsVisible = 0;
			defaultConfigurationName = Release;
		};
		C01FCF4E08A954540054247B /* Build configuration list for PBXProject "Adam" */ = {
			isa = XCConfigurationList;
			buildConfigurations = (
				C01FCF4F08A954540054247B /* Debug */,
				C01FCF5008A954540054247B /* Release */,
			);
			defaultConfigurationIsVisible = 0;
			defaultConfigurationName = Release;
		};
/* End XCConfigurationList section */
	};
	rootObject = 29B97313FDCFA39411CA2CEA /* Project object */;
}
